// !$*UTF8*$!
{
	archiveVersion = 1;
	classes = {
	};
	objectVersion = 48;
	objects = {

/* Begin PBXBuildFile section */
		2EA622C1421214E93934EB3E /* Pods_FavotterTarget_FavotterAPIClient.framework in Frameworks */ = {isa = PBXBuildFile; fileRef = 8CFD76423D9B9B6E93224131 /* Pods_FavotterTarget_FavotterAPIClient.framework */; };
		44A62984CB89E62EDDD749C7 /* Pods_FavotterTarget_FavotterView.framework in Frameworks */ = {isa = PBXBuildFile; fileRef = BB810FD91531B10C23663A5B /* Pods_FavotterTarget_FavotterView.framework */; };
		547592681FE934FF00C9E11E /* FavotterStyle.h in Headers */ = {isa = PBXBuildFile; fileRef = 547592661FE934FF00C9E11E /* FavotterStyle.h */; settings = {ATTRIBUTES = (Public, ); }; };
		5475926B1FE934FF00C9E11E /* FavotterStyle.framework in Frameworks */ = {isa = PBXBuildFile; fileRef = 547592641FE934FF00C9E11E /* FavotterStyle.framework */; };
		5475926C1FE934FF00C9E11E /* FavotterStyle.framework in Embed Frameworks */ = {isa = PBXBuildFile; fileRef = 547592641FE934FF00C9E11E /* FavotterStyle.framework */; settings = {ATTRIBUTES = (CodeSignOnCopy, RemoveHeadersOnCopy, ); }; };
		5475927A1FE9390600C9E11E /* FavotterModel.h in Headers */ = {isa = PBXBuildFile; fileRef = 547592781FE9390600C9E11E /* FavotterModel.h */; settings = {ATTRIBUTES = (Public, ); }; };
		5475927D1FE9390600C9E11E /* FavotterModel.framework in Frameworks */ = {isa = PBXBuildFile; fileRef = 547592761FE9390500C9E11E /* FavotterModel.framework */; };
		5475927E1FE9390600C9E11E /* FavotterModel.framework in Embed Frameworks */ = {isa = PBXBuildFile; fileRef = 547592761FE9390500C9E11E /* FavotterModel.framework */; settings = {ATTRIBUTES = (CodeSignOnCopy, RemoveHeadersOnCopy, ); }; };
		5475928B1FE9391700C9E11E /* FavotterView.h in Headers */ = {isa = PBXBuildFile; fileRef = 547592891FE9391700C9E11E /* FavotterView.h */; settings = {ATTRIBUTES = (Public, ); }; };
		5475928E1FE9391700C9E11E /* FavotterView.framework in Frameworks */ = {isa = PBXBuildFile; fileRef = 547592871FE9391700C9E11E /* FavotterView.framework */; };
		5475928F1FE9391700C9E11E /* FavotterView.framework in Embed Frameworks */ = {isa = PBXBuildFile; fileRef = 547592871FE9391700C9E11E /* FavotterView.framework */; settings = {ATTRIBUTES = (CodeSignOnCopy, RemoveHeadersOnCopy, ); }; };
		5475929C1FE9393600C9E11E /* FavotterUtill.h in Headers */ = {isa = PBXBuildFile; fileRef = 5475929A1FE9393600C9E11E /* FavotterUtill.h */; settings = {ATTRIBUTES = (Public, ); }; };
		5475929F1FE9393600C9E11E /* FavotterUtill.framework in Frameworks */ = {isa = PBXBuildFile; fileRef = 547592981FE9393600C9E11E /* FavotterUtill.framework */; };
		547592A01FE9393600C9E11E /* FavotterUtill.framework in Embed Frameworks */ = {isa = PBXBuildFile; fileRef = 547592981FE9393600C9E11E /* FavotterUtill.framework */; settings = {ATTRIBUTES = (CodeSignOnCopy, RemoveHeadersOnCopy, ); }; };
		547592AD1FE9395200C9E11E /* FavotterAPIClient.h in Headers */ = {isa = PBXBuildFile; fileRef = 547592AB1FE9395200C9E11E /* FavotterAPIClient.h */; settings = {ATTRIBUTES = (Public, ); }; };
		547592B01FE9395200C9E11E /* FavotterAPIClient.framework in Frameworks */ = {isa = PBXBuildFile; fileRef = 547592A91FE9395200C9E11E /* FavotterAPIClient.framework */; };
		547592B11FE9395200C9E11E /* FavotterAPIClient.framework in Embed Frameworks */ = {isa = PBXBuildFile; fileRef = 547592A91FE9395200C9E11E /* FavotterAPIClient.framework */; settings = {ATTRIBUTES = (CodeSignOnCopy, RemoveHeadersOnCopy, ); }; };
		54871B5A1FE931C800235B29 /* AppDelegate.swift in Sources */ = {isa = PBXBuildFile; fileRef = 54871B591FE931C800235B29 /* AppDelegate.swift */; };
		54871B5C1FE931C800235B29 /* ViewController.swift in Sources */ = {isa = PBXBuildFile; fileRef = 54871B5B1FE931C800235B29 /* ViewController.swift */; };
		54871B5F1FE931C800235B29 /* Main.storyboard in Resources */ = {isa = PBXBuildFile; fileRef = 54871B5D1FE931C800235B29 /* Main.storyboard */; };
		54871B611FE931C800235B29 /* Assets.xcassets in Resources */ = {isa = PBXBuildFile; fileRef = 54871B601FE931C800235B29 /* Assets.xcassets */; };
		54871B641FE931C800235B29 /* LaunchScreen.storyboard in Resources */ = {isa = PBXBuildFile; fileRef = 54871B621FE931C800235B29 /* LaunchScreen.storyboard */; };
		54871B6F1FE931C800235B29 /* FavotterTests.swift in Sources */ = {isa = PBXBuildFile; fileRef = 54871B6E1FE931C800235B29 /* FavotterTests.swift */; };
		54871B7A1FE931C800235B29 /* FavotterUITests.swift in Sources */ = {isa = PBXBuildFile; fileRef = 54871B791FE931C800235B29 /* FavotterUITests.swift */; };
		867E707BE535DBAF35D7E06F /* Pods_FavotterTarget_FavotterStyle.framework in Frameworks */ = {isa = PBXBuildFile; fileRef = 1872C49E9153A7DE6A5DD04F /* Pods_FavotterTarget_FavotterStyle.framework */; };
		AC98CF7FFFD49B4166F4EE05 /* Pods_FavotterTarget_FavotterModel.framework in Frameworks */ = {isa = PBXBuildFile; fileRef = F7AC2A486A52BDA5762A8427 /* Pods_FavotterTarget_FavotterModel.framework */; };
		BBD9EC14CC8D45E36FC169DA /* Pods_FavotterTarget_FavotterUtill.framework in Frameworks */ = {isa = PBXBuildFile; fileRef = 146D4AC1254AE859CC4D7063 /* Pods_FavotterTarget_FavotterUtill.framework */; };
		E6C93E480C544ED50D8B9C29 /* Pods_FavotterTarget_Favotter.framework in Frameworks */ = {isa = PBXBuildFile; fileRef = 4130752B1AF9C8F44E68773C /* Pods_FavotterTarget_Favotter.framework */; };
/* End PBXBuildFile section */

/* Begin PBXContainerItemProxy section */
		547592691FE934FF00C9E11E /* PBXContainerItemProxy */ = {
			isa = PBXContainerItemProxy;
			containerPortal = 54871B4E1FE931C800235B29 /* Project object */;
			proxyType = 1;
			remoteGlobalIDString = 547592631FE934FF00C9E11E;
			remoteInfo = FavotterStyle;
		};
		5475927B1FE9390600C9E11E /* PBXContainerItemProxy */ = {
			isa = PBXContainerItemProxy;
			containerPortal = 54871B4E1FE931C800235B29 /* Project object */;
			proxyType = 1;
			remoteGlobalIDString = 547592751FE9390500C9E11E;
			remoteInfo = FavotterModel;
		};
		5475928C1FE9391700C9E11E /* PBXContainerItemProxy */ = {
			isa = PBXContainerItemProxy;
			containerPortal = 54871B4E1FE931C800235B29 /* Project object */;
			proxyType = 1;
			remoteGlobalIDString = 547592861FE9391700C9E11E;
			remoteInfo = FavotterView;
		};
		5475929D1FE9393600C9E11E /* PBXContainerItemProxy */ = {
			isa = PBXContainerItemProxy;
			containerPortal = 54871B4E1FE931C800235B29 /* Project object */;
			proxyType = 1;
			remoteGlobalIDString = 547592971FE9393600C9E11E;
			remoteInfo = FavotterUtill;
		};
		547592AE1FE9395200C9E11E /* PBXContainerItemProxy */ = {
			isa = PBXContainerItemProxy;
			containerPortal = 54871B4E1FE931C800235B29 /* Project object */;
			proxyType = 1;
			remoteGlobalIDString = 547592A81FE9395200C9E11E;
			remoteInfo = FavotterAPIClient;
		};
		54871B6B1FE931C800235B29 /* PBXContainerItemProxy */ = {
			isa = PBXContainerItemProxy;
			containerPortal = 54871B4E1FE931C800235B29 /* Project object */;
			proxyType = 1;
			remoteGlobalIDString = 54871B551FE931C800235B29;
			remoteInfo = Favotter;
		};
		54871B761FE931C800235B29 /* PBXContainerItemProxy */ = {
			isa = PBXContainerItemProxy;
			containerPortal = 54871B4E1FE931C800235B29 /* Project object */;
			proxyType = 1;
			remoteGlobalIDString = 54871B551FE931C800235B29;
			remoteInfo = Favotter;
		};
/* End PBXContainerItemProxy section */

/* Begin PBXCopyFilesBuildPhase section */
		547592701FE934FF00C9E11E /* Embed Frameworks */ = {
			isa = PBXCopyFilesBuildPhase;
			buildActionMask = 2147483647;
			dstPath = "";
			dstSubfolderSpec = 10;
			files = (
				547592A01FE9393600C9E11E /* FavotterUtill.framework in Embed Frameworks */,
				5475926C1FE934FF00C9E11E /* FavotterStyle.framework in Embed Frameworks */,
				547592B11FE9395200C9E11E /* FavotterAPIClient.framework in Embed Frameworks */,
				5475928F1FE9391700C9E11E /* FavotterView.framework in Embed Frameworks */,
				5475927E1FE9390600C9E11E /* FavotterModel.framework in Embed Frameworks */,
			);
			name = "Embed Frameworks";
			runOnlyForDeploymentPostprocessing = 0;
		};
/* End PBXCopyFilesBuildPhase section */

/* Begin PBXFileReference section */
		02B4DAEF01AE4B9FBE5D2120 /* Pods-FavotterTarget-FavotterView.debug.xcconfig */ = {isa = PBXFileReference; includeInIndex = 1; lastKnownFileType = text.xcconfig; name = "Pods-FavotterTarget-FavotterView.debug.xcconfig"; path = "Pods/Target Support Files/Pods-FavotterTarget-FavotterView/Pods-FavotterTarget-FavotterView.debug.xcconfig"; sourceTree = "<group>"; };
		146D4AC1254AE859CC4D7063 /* Pods_FavotterTarget_FavotterUtill.framework */ = {isa = PBXFileReference; explicitFileType = wrapper.framework; includeInIndex = 0; path = Pods_FavotterTarget_FavotterUtill.framework; sourceTree = BUILT_PRODUCTS_DIR; };
		1872C49E9153A7DE6A5DD04F /* Pods_FavotterTarget_FavotterStyle.framework */ = {isa = PBXFileReference; explicitFileType = wrapper.framework; includeInIndex = 0; path = Pods_FavotterTarget_FavotterStyle.framework; sourceTree = BUILT_PRODUCTS_DIR; };
		4130752B1AF9C8F44E68773C /* Pods_FavotterTarget_Favotter.framework */ = {isa = PBXFileReference; explicitFileType = wrapper.framework; includeInIndex = 0; path = Pods_FavotterTarget_Favotter.framework; sourceTree = BUILT_PRODUCTS_DIR; };
		5405220A82FC7DC458C3633D /* Pods-FavotterTarget-FavotterModel.debug.xcconfig */ = {isa = PBXFileReference; includeInIndex = 1; lastKnownFileType = text.xcconfig; name = "Pods-FavotterTarget-FavotterModel.debug.xcconfig"; path = "Pods/Target Support Files/Pods-FavotterTarget-FavotterModel/Pods-FavotterTarget-FavotterModel.debug.xcconfig"; sourceTree = "<group>"; };
		547592641FE934FF00C9E11E /* FavotterStyle.framework */ = {isa = PBXFileReference; explicitFileType = wrapper.framework; includeInIndex = 0; path = FavotterStyle.framework; sourceTree = BUILT_PRODUCTS_DIR; };
		547592661FE934FF00C9E11E /* FavotterStyle.h */ = {isa = PBXFileReference; lastKnownFileType = sourcecode.c.h; path = FavotterStyle.h; sourceTree = "<group>"; };
		547592671FE934FF00C9E11E /* Info.plist */ = {isa = PBXFileReference; lastKnownFileType = text.plist.xml; path = Info.plist; sourceTree = "<group>"; };
		547592761FE9390500C9E11E /* FavotterModel.framework */ = {isa = PBXFileReference; explicitFileType = wrapper.framework; includeInIndex = 0; path = FavotterModel.framework; sourceTree = BUILT_PRODUCTS_DIR; };
		547592781FE9390600C9E11E /* FavotterModel.h */ = {isa = PBXFileReference; lastKnownFileType = sourcecode.c.h; path = FavotterModel.h; sourceTree = "<group>"; };
		547592791FE9390600C9E11E /* Info.plist */ = {isa = PBXFileReference; lastKnownFileType = text.plist.xml; path = Info.plist; sourceTree = "<group>"; };
		547592871FE9391700C9E11E /* FavotterView.framework */ = {isa = PBXFileReference; explicitFileType = wrapper.framework; includeInIndex = 0; path = FavotterView.framework; sourceTree = BUILT_PRODUCTS_DIR; };
		547592891FE9391700C9E11E /* FavotterView.h */ = {isa = PBXFileReference; lastKnownFileType = sourcecode.c.h; path = FavotterView.h; sourceTree = "<group>"; };
		5475928A1FE9391700C9E11E /* Info.plist */ = {isa = PBXFileReference; lastKnownFileType = text.plist.xml; path = Info.plist; sourceTree = "<group>"; };
		547592981FE9393600C9E11E /* FavotterUtill.framework */ = {isa = PBXFileReference; explicitFileType = wrapper.framework; includeInIndex = 0; path = FavotterUtill.framework; sourceTree = BUILT_PRODUCTS_DIR; };
		5475929A1FE9393600C9E11E /* FavotterUtill.h */ = {isa = PBXFileReference; lastKnownFileType = sourcecode.c.h; path = FavotterUtill.h; sourceTree = "<group>"; };
		5475929B1FE9393600C9E11E /* Info.plist */ = {isa = PBXFileReference; lastKnownFileType = text.plist.xml; path = Info.plist; sourceTree = "<group>"; };
		547592A91FE9395200C9E11E /* FavotterAPIClient.framework */ = {isa = PBXFileReference; explicitFileType = wrapper.framework; includeInIndex = 0; path = FavotterAPIClient.framework; sourceTree = BUILT_PRODUCTS_DIR; };
		547592AB1FE9395200C9E11E /* FavotterAPIClient.h */ = {isa = PBXFileReference; lastKnownFileType = sourcecode.c.h; path = FavotterAPIClient.h; sourceTree = "<group>"; };
		547592AC1FE9395200C9E11E /* Info.plist */ = {isa = PBXFileReference; lastKnownFileType = text.plist.xml; path = Info.plist; sourceTree = "<group>"; };
		54871B561FE931C800235B29 /* Favotter.app */ = {isa = PBXFileReference; explicitFileType = wrapper.application; includeInIndex = 0; path = Favotter.app; sourceTree = BUILT_PRODUCTS_DIR; };
		54871B591FE931C800235B29 /* AppDelegate.swift */ = {isa = PBXFileReference; lastKnownFileType = sourcecode.swift; path = AppDelegate.swift; sourceTree = "<group>"; };
		54871B5B1FE931C800235B29 /* ViewController.swift */ = {isa = PBXFileReference; lastKnownFileType = sourcecode.swift; path = ViewController.swift; sourceTree = "<group>"; };
		54871B5E1FE931C800235B29 /* Base */ = {isa = PBXFileReference; lastKnownFileType = file.storyboard; name = Base; path = Base.lproj/Main.storyboard; sourceTree = "<group>"; };
		54871B601FE931C800235B29 /* Assets.xcassets */ = {isa = PBXFileReference; lastKnownFileType = folder.assetcatalog; path = Assets.xcassets; sourceTree = "<group>"; };
		54871B631FE931C800235B29 /* Base */ = {isa = PBXFileReference; lastKnownFileType = file.storyboard; name = Base; path = Base.lproj/LaunchScreen.storyboard; sourceTree = "<group>"; };
		54871B651FE931C800235B29 /* Info.plist */ = {isa = PBXFileReference; lastKnownFileType = text.plist.xml; path = Info.plist; sourceTree = "<group>"; };
		54871B6A1FE931C800235B29 /* FavotterTests.xctest */ = {isa = PBXFileReference; explicitFileType = wrapper.cfbundle; includeInIndex = 0; path = FavotterTests.xctest; sourceTree = BUILT_PRODUCTS_DIR; };
		54871B6E1FE931C800235B29 /* FavotterTests.swift */ = {isa = PBXFileReference; lastKnownFileType = sourcecode.swift; path = FavotterTests.swift; sourceTree = "<group>"; };
		54871B701FE931C800235B29 /* Info.plist */ = {isa = PBXFileReference; lastKnownFileType = text.plist.xml; path = Info.plist; sourceTree = "<group>"; };
		54871B751FE931C800235B29 /* FavotterUITests.xctest */ = {isa = PBXFileReference; explicitFileType = wrapper.cfbundle; includeInIndex = 0; path = FavotterUITests.xctest; sourceTree = BUILT_PRODUCTS_DIR; };
		54871B791FE931C800235B29 /* FavotterUITests.swift */ = {isa = PBXFileReference; lastKnownFileType = sourcecode.swift; path = FavotterUITests.swift; sourceTree = "<group>"; };
		54871B7B1FE931C800235B29 /* Info.plist */ = {isa = PBXFileReference; lastKnownFileType = text.plist.xml; path = Info.plist; sourceTree = "<group>"; };
		6DDAF34D6ECEFA78BF33E5D2 /* Pods-FavotterTarget-FavotterStyle.debug.xcconfig */ = {isa = PBXFileReference; includeInIndex = 1; lastKnownFileType = text.xcconfig; name = "Pods-FavotterTarget-FavotterStyle.debug.xcconfig"; path = "Pods/Target Support Files/Pods-FavotterTarget-FavotterStyle/Pods-FavotterTarget-FavotterStyle.debug.xcconfig"; sourceTree = "<group>"; };
		814B5B20FF56E49F54E317D8 /* Pods-FavotterTarget-FavotterAPIClient.release.xcconfig */ = {isa = PBXFileReference; includeInIndex = 1; lastKnownFileType = text.xcconfig; name = "Pods-FavotterTarget-FavotterAPIClient.release.xcconfig"; path = "Pods/Target Support Files/Pods-FavotterTarget-FavotterAPIClient/Pods-FavotterTarget-FavotterAPIClient.release.xcconfig"; sourceTree = "<group>"; };
		84B8282EF977C8B14AF96577 /* Pods-FavotterTarget-FavotterStyle.release.xcconfig */ = {isa = PBXFileReference; includeInIndex = 1; lastKnownFileType = text.xcconfig; name = "Pods-FavotterTarget-FavotterStyle.release.xcconfig"; path = "Pods/Target Support Files/Pods-FavotterTarget-FavotterStyle/Pods-FavotterTarget-FavotterStyle.release.xcconfig"; sourceTree = "<group>"; };
		84FE3C1F87AC4C64EC1D6CF4 /* Pods-FavotterTarget-FavotterAPIClient.debug.xcconfig */ = {isa = PBXFileReference; includeInIndex = 1; lastKnownFileType = text.xcconfig; name = "Pods-FavotterTarget-FavotterAPIClient.debug.xcconfig"; path = "Pods/Target Support Files/Pods-FavotterTarget-FavotterAPIClient/Pods-FavotterTarget-FavotterAPIClient.debug.xcconfig"; sourceTree = "<group>"; };
		8CFD76423D9B9B6E93224131 /* Pods_FavotterTarget_FavotterAPIClient.framework */ = {isa = PBXFileReference; explicitFileType = wrapper.framework; includeInIndex = 0; path = Pods_FavotterTarget_FavotterAPIClient.framework; sourceTree = BUILT_PRODUCTS_DIR; };
		B2F4D56F5A90E0372B2ABC31 /* Pods-FavotterTarget-Favotter.release.xcconfig */ = {isa = PBXFileReference; includeInIndex = 1; lastKnownFileType = text.xcconfig; name = "Pods-FavotterTarget-Favotter.release.xcconfig"; path = "Pods/Target Support Files/Pods-FavotterTarget-Favotter/Pods-FavotterTarget-Favotter.release.xcconfig"; sourceTree = "<group>"; };
		BAC8CA2D8B88B4481792AA19 /* Pods-FavotterTarget-FavotterUtill.release.xcconfig */ = {isa = PBXFileReference; includeInIndex = 1; lastKnownFileType = text.xcconfig; name = "Pods-FavotterTarget-FavotterUtill.release.xcconfig"; path = "Pods/Target Support Files/Pods-FavotterTarget-FavotterUtill/Pods-FavotterTarget-FavotterUtill.release.xcconfig"; sourceTree = "<group>"; };
		BB810FD91531B10C23663A5B /* Pods_FavotterTarget_FavotterView.framework */ = {isa = PBXFileReference; explicitFileType = wrapper.framework; includeInIndex = 0; path = Pods_FavotterTarget_FavotterView.framework; sourceTree = BUILT_PRODUCTS_DIR; };
		C01556AC7F24D6F3B4060707 /* Pods-FavotterTarget-FavotterView.release.xcconfig */ = {isa = PBXFileReference; includeInIndex = 1; lastKnownFileType = text.xcconfig; name = "Pods-FavotterTarget-FavotterView.release.xcconfig"; path = "Pods/Target Support Files/Pods-FavotterTarget-FavotterView/Pods-FavotterTarget-FavotterView.release.xcconfig"; sourceTree = "<group>"; };
		E26232BED17165213D3C4CC6 /* Pods-FavotterTarget-FavotterModel.release.xcconfig */ = {isa = PBXFileReference; includeInIndex = 1; lastKnownFileType = text.xcconfig; name = "Pods-FavotterTarget-FavotterModel.release.xcconfig"; path = "Pods/Target Support Files/Pods-FavotterTarget-FavotterModel/Pods-FavotterTarget-FavotterModel.release.xcconfig"; sourceTree = "<group>"; };
		E597A113523B293BFB99223D /* Pods-FavotterTarget-FavotterUtill.debug.xcconfig */ = {isa = PBXFileReference; includeInIndex = 1; lastKnownFileType = text.xcconfig; name = "Pods-FavotterTarget-FavotterUtill.debug.xcconfig"; path = "Pods/Target Support Files/Pods-FavotterTarget-FavotterUtill/Pods-FavotterTarget-FavotterUtill.debug.xcconfig"; sourceTree = "<group>"; };
		F2CA94F6258D1B8150D27D0F /* Pods-FavotterTarget-Favotter.debug.xcconfig */ = {isa = PBXFileReference; includeInIndex = 1; lastKnownFileType = text.xcconfig; name = "Pods-FavotterTarget-Favotter.debug.xcconfig"; path = "Pods/Target Support Files/Pods-FavotterTarget-Favotter/Pods-FavotterTarget-Favotter.debug.xcconfig"; sourceTree = "<group>"; };
		F7AC2A486A52BDA5762A8427 /* Pods_FavotterTarget_FavotterModel.framework */ = {isa = PBXFileReference; explicitFileType = wrapper.framework; includeInIndex = 0; path = Pods_FavotterTarget_FavotterModel.framework; sourceTree = BUILT_PRODUCTS_DIR; };
/* End PBXFileReference section */

/* Begin PBXFrameworksBuildPhase section */
		547592601FE934FF00C9E11E /* Frameworks */ = {
			isa = PBXFrameworksBuildPhase;
			buildActionMask = 2147483647;
			files = (
				867E707BE535DBAF35D7E06F /* Pods_FavotterTarget_FavotterStyle.framework in Frameworks */,
			);
			runOnlyForDeploymentPostprocessing = 0;
		};
		547592721FE9390500C9E11E /* Frameworks */ = {
			isa = PBXFrameworksBuildPhase;
			buildActionMask = 2147483647;
			files = (
				AC98CF7FFFD49B4166F4EE05 /* Pods_FavotterTarget_FavotterModel.framework in Frameworks */,
			);
			runOnlyForDeploymentPostprocessing = 0;
		};
		547592831FE9391700C9E11E /* Frameworks */ = {
			isa = PBXFrameworksBuildPhase;
			buildActionMask = 2147483647;
			files = (
				44A62984CB89E62EDDD749C7 /* Pods_FavotterTarget_FavotterView.framework in Frameworks */,
			);
			runOnlyForDeploymentPostprocessing = 0;
		};
		547592941FE9393600C9E11E /* Frameworks */ = {
			isa = PBXFrameworksBuildPhase;
			buildActionMask = 2147483647;
			files = (
				BBD9EC14CC8D45E36FC169DA /* Pods_FavotterTarget_FavotterUtill.framework in Frameworks */,
			);
			runOnlyForDeploymentPostprocessing = 0;
		};
		547592A51FE9395200C9E11E /* Frameworks */ = {
			isa = PBXFrameworksBuildPhase;
			buildActionMask = 2147483647;
			files = (
				2EA622C1421214E93934EB3E /* Pods_FavotterTarget_FavotterAPIClient.framework in Frameworks */,
			);
			runOnlyForDeploymentPostprocessing = 0;
		};
		54871B531FE931C800235B29 /* Frameworks */ = {
			isa = PBXFrameworksBuildPhase;
			buildActionMask = 2147483647;
			files = (
				5475929F1FE9393600C9E11E /* FavotterUtill.framework in Frameworks */,
				5475926B1FE934FF00C9E11E /* FavotterStyle.framework in Frameworks */,
				547592B01FE9395200C9E11E /* FavotterAPIClient.framework in Frameworks */,
				5475928E1FE9391700C9E11E /* FavotterView.framework in Frameworks */,
				5475927D1FE9390600C9E11E /* FavotterModel.framework in Frameworks */,
				E6C93E480C544ED50D8B9C29 /* Pods_FavotterTarget_Favotter.framework in Frameworks */,
			);
			runOnlyForDeploymentPostprocessing = 0;
		};
		54871B671FE931C800235B29 /* Frameworks */ = {
			isa = PBXFrameworksBuildPhase;
			buildActionMask = 2147483647;
			files = (
			);
			runOnlyForDeploymentPostprocessing = 0;
		};
		54871B721FE931C800235B29 /* Frameworks */ = {
			isa = PBXFrameworksBuildPhase;
			buildActionMask = 2147483647;
			files = (
			);
			runOnlyForDeploymentPostprocessing = 0;
		};
/* End PBXFrameworksBuildPhase section */

/* Begin PBXGroup section */
		547592651FE934FF00C9E11E /* FavotterStyle */ = {
			isa = PBXGroup;
			children = (
				547592661FE934FF00C9E11E /* FavotterStyle.h */,
				547592671FE934FF00C9E11E /* Info.plist */,
			);
			path = FavotterStyle;
			sourceTree = "<group>";
		};
		547592771FE9390600C9E11E /* FavotterModel */ = {
			isa = PBXGroup;
			children = (
				547592781FE9390600C9E11E /* FavotterModel.h */,
				547592791FE9390600C9E11E /* Info.plist */,
			);
			path = FavotterModel;
			sourceTree = "<group>";
		};
		547592881FE9391700C9E11E /* FavotterView */ = {
			isa = PBXGroup;
			children = (
				547592891FE9391700C9E11E /* FavotterView.h */,
				5475928A1FE9391700C9E11E /* Info.plist */,
			);
			path = FavotterView;
			sourceTree = "<group>";
		};
		547592991FE9393600C9E11E /* FavotterUtill */ = {
			isa = PBXGroup;
			children = (
				5475929A1FE9393600C9E11E /* FavotterUtill.h */,
				5475929B1FE9393600C9E11E /* Info.plist */,
			);
			path = FavotterUtill;
			sourceTree = "<group>";
		};
		547592AA1FE9395200C9E11E /* FavotterAPIClient */ = {
			isa = PBXGroup;
			children = (
				547592AB1FE9395200C9E11E /* FavotterAPIClient.h */,
				547592AC1FE9395200C9E11E /* Info.plist */,
			);
			path = FavotterAPIClient;
			sourceTree = "<group>";
		};
		54871B4D1FE931C800235B29 = {
			isa = PBXGroup;
			children = (
				54871B581FE931C800235B29 /* Favotter */,
				54871B6D1FE931C800235B29 /* FavotterTests */,
				54871B781FE931C800235B29 /* FavotterUITests */,
				547592651FE934FF00C9E11E /* FavotterStyle */,
				547592771FE9390600C9E11E /* FavotterModel */,
				547592881FE9391700C9E11E /* FavotterView */,
				547592991FE9393600C9E11E /* FavotterUtill */,
				547592AA1FE9395200C9E11E /* FavotterAPIClient */,
				54871B571FE931C800235B29 /* Products */,
				C432B129C47A90995FBBFC06 /* Pods */,
				AD13ABFB596A9F212BDB9B89 /* Frameworks */,
			);
			sourceTree = "<group>";
		};
		54871B571FE931C800235B29 /* Products */ = {
			isa = PBXGroup;
			children = (
				54871B561FE931C800235B29 /* Favotter.app */,
				54871B6A1FE931C800235B29 /* FavotterTests.xctest */,
				54871B751FE931C800235B29 /* FavotterUITests.xctest */,
				547592641FE934FF00C9E11E /* FavotterStyle.framework */,
				547592761FE9390500C9E11E /* FavotterModel.framework */,
				547592871FE9391700C9E11E /* FavotterView.framework */,
				547592981FE9393600C9E11E /* FavotterUtill.framework */,
				547592A91FE9395200C9E11E /* FavotterAPIClient.framework */,
			);
			name = Products;
			sourceTree = "<group>";
		};
		54871B581FE931C800235B29 /* Favotter */ = {
			isa = PBXGroup;
			children = (
				54871B591FE931C800235B29 /* AppDelegate.swift */,
				54871B5B1FE931C800235B29 /* ViewController.swift */,
				54871B5D1FE931C800235B29 /* Main.storyboard */,
				54871B601FE931C800235B29 /* Assets.xcassets */,
				54871B621FE931C800235B29 /* LaunchScreen.storyboard */,
				54871B651FE931C800235B29 /* Info.plist */,
			);
			path = Favotter;
			sourceTree = "<group>";
		};
		54871B6D1FE931C800235B29 /* FavotterTests */ = {
			isa = PBXGroup;
			children = (
				54871B6E1FE931C800235B29 /* FavotterTests.swift */,
				54871B701FE931C800235B29 /* Info.plist */,
			);
			path = FavotterTests;
			sourceTree = "<group>";
		};
		54871B781FE931C800235B29 /* FavotterUITests */ = {
			isa = PBXGroup;
			children = (
				54871B791FE931C800235B29 /* FavotterUITests.swift */,
				54871B7B1FE931C800235B29 /* Info.plist */,
			);
			path = FavotterUITests;
			sourceTree = "<group>";
		};
		AD13ABFB596A9F212BDB9B89 /* Frameworks */ = {
			isa = PBXGroup;
			children = (
				8CFD76423D9B9B6E93224131 /* Pods_FavotterTarget_FavotterAPIClient.framework */,
				F7AC2A486A52BDA5762A8427 /* Pods_FavotterTarget_FavotterModel.framework */,
				1872C49E9153A7DE6A5DD04F /* Pods_FavotterTarget_FavotterStyle.framework */,
				146D4AC1254AE859CC4D7063 /* Pods_FavotterTarget_FavotterUtill.framework */,
				BB810FD91531B10C23663A5B /* Pods_FavotterTarget_FavotterView.framework */,
				4130752B1AF9C8F44E68773C /* Pods_FavotterTarget_Favotter.framework */,
			);
			name = Frameworks;
			sourceTree = "<group>";
		};
		C432B129C47A90995FBBFC06 /* Pods */ = {
			isa = PBXGroup;
			children = (
				84FE3C1F87AC4C64EC1D6CF4 /* Pods-FavotterTarget-FavotterAPIClient.debug.xcconfig */,
				814B5B20FF56E49F54E317D8 /* Pods-FavotterTarget-FavotterAPIClient.release.xcconfig */,
				02B4DAEF01AE4B9FBE5D2120 /* Pods-FavotterTarget-FavotterView.debug.xcconfig */,
				C01556AC7F24D6F3B4060707 /* Pods-FavotterTarget-FavotterView.release.xcconfig */,
				F2CA94F6258D1B8150D27D0F /* Pods-FavotterTarget-Favotter.debug.xcconfig */,
				B2F4D56F5A90E0372B2ABC31 /* Pods-FavotterTarget-Favotter.release.xcconfig */,
				5405220A82FC7DC458C3633D /* Pods-FavotterTarget-FavotterModel.debug.xcconfig */,
				E26232BED17165213D3C4CC6 /* Pods-FavotterTarget-FavotterModel.release.xcconfig */,
				6DDAF34D6ECEFA78BF33E5D2 /* Pods-FavotterTarget-FavotterStyle.debug.xcconfig */,
				84B8282EF977C8B14AF96577 /* Pods-FavotterTarget-FavotterStyle.release.xcconfig */,
				E597A113523B293BFB99223D /* Pods-FavotterTarget-FavotterUtill.debug.xcconfig */,
				BAC8CA2D8B88B4481792AA19 /* Pods-FavotterTarget-FavotterUtill.release.xcconfig */,
			);
			name = Pods;
			sourceTree = "<group>";
		};
/* End PBXGroup section */

/* Begin PBXHeadersBuildPhase section */
		547592611FE934FF00C9E11E /* Headers */ = {
			isa = PBXHeadersBuildPhase;
			buildActionMask = 2147483647;
			files = (
				547592681FE934FF00C9E11E /* FavotterStyle.h in Headers */,
			);
			runOnlyForDeploymentPostprocessing = 0;
		};
		547592731FE9390500C9E11E /* Headers */ = {
			isa = PBXHeadersBuildPhase;
			buildActionMask = 2147483647;
			files = (
				5475927A1FE9390600C9E11E /* FavotterModel.h in Headers */,
			);
			runOnlyForDeploymentPostprocessing = 0;
		};
		547592841FE9391700C9E11E /* Headers */ = {
			isa = PBXHeadersBuildPhase;
			buildActionMask = 2147483647;
			files = (
				5475928B1FE9391700C9E11E /* FavotterView.h in Headers */,
			);
			runOnlyForDeploymentPostprocessing = 0;
		};
		547592951FE9393600C9E11E /* Headers */ = {
			isa = PBXHeadersBuildPhase;
			buildActionMask = 2147483647;
			files = (
				5475929C1FE9393600C9E11E /* FavotterUtill.h in Headers */,
			);
			runOnlyForDeploymentPostprocessing = 0;
		};
		547592A61FE9395200C9E11E /* Headers */ = {
			isa = PBXHeadersBuildPhase;
			buildActionMask = 2147483647;
			files = (
				547592AD1FE9395200C9E11E /* FavotterAPIClient.h in Headers */,
			);
			runOnlyForDeploymentPostprocessing = 0;
		};
/* End PBXHeadersBuildPhase section */

/* Begin PBXNativeTarget section */
		547592631FE934FF00C9E11E /* FavotterStyle */ = {
			isa = PBXNativeTarget;
			buildConfigurationList = 5475926F1FE934FF00C9E11E /* Build configuration list for PBXNativeTarget "FavotterStyle" */;
			buildPhases = (
				4CFBE8C16918A20AAF628FC2 /* [CP] Check Pods Manifest.lock */,
				5475925F1FE934FF00C9E11E /* Sources */,
				547592601FE934FF00C9E11E /* Frameworks */,
				547592611FE934FF00C9E11E /* Headers */,
				547592621FE934FF00C9E11E /* Resources */,
				3E31565F69BEC6DD72E6E094 /* [CP] Copy Pods Resources */,
			);
			buildRules = (
			);
			dependencies = (
			);
			name = FavotterStyle;
			productName = FavotterStyle;
			productReference = 547592641FE934FF00C9E11E /* FavotterStyle.framework */;
			productType = "com.apple.product-type.framework";
		};
		547592751FE9390500C9E11E /* FavotterModel */ = {
			isa = PBXNativeTarget;
			buildConfigurationList = 5475927F1FE9390600C9E11E /* Build configuration list for PBXNativeTarget "FavotterModel" */;
			buildPhases = (
				7F1B08EDA6DE5E3653A47AE9 /* [CP] Check Pods Manifest.lock */,
				547592711FE9390500C9E11E /* Sources */,
				547592721FE9390500C9E11E /* Frameworks */,
				547592731FE9390500C9E11E /* Headers */,
				547592741FE9390500C9E11E /* Resources */,
				49A10FCDF6C13C3ED6A1A97D /* [CP] Copy Pods Resources */,
			);
			buildRules = (
			);
			dependencies = (
			);
			name = FavotterModel;
			productName = FavotterModel;
			productReference = 547592761FE9390500C9E11E /* FavotterModel.framework */;
			productType = "com.apple.product-type.framework";
		};
		547592861FE9391700C9E11E /* FavotterView */ = {
			isa = PBXNativeTarget;
			buildConfigurationList = 547592901FE9391700C9E11E /* Build configuration list for PBXNativeTarget "FavotterView" */;
			buildPhases = (
				AF86CA6A9C922E66AFD154E5 /* [CP] Check Pods Manifest.lock */,
				547592821FE9391700C9E11E /* Sources */,
				547592831FE9391700C9E11E /* Frameworks */,
				547592841FE9391700C9E11E /* Headers */,
				547592851FE9391700C9E11E /* Resources */,
				DAA7EE86F513C90C2B094800 /* [CP] Copy Pods Resources */,
			);
			buildRules = (
			);
			dependencies = (
			);
			name = FavotterView;
			productName = FavotterView;
			productReference = 547592871FE9391700C9E11E /* FavotterView.framework */;
			productType = "com.apple.product-type.framework";
		};
		547592971FE9393600C9E11E /* FavotterUtill */ = {
			isa = PBXNativeTarget;
			buildConfigurationList = 547592A11FE9393600C9E11E /* Build configuration list for PBXNativeTarget "FavotterUtill" */;
			buildPhases = (
				379E732CE604076F042A8C6F /* [CP] Check Pods Manifest.lock */,
				547592931FE9393600C9E11E /* Sources */,
				547592941FE9393600C9E11E /* Frameworks */,
				547592951FE9393600C9E11E /* Headers */,
				547592961FE9393600C9E11E /* Resources */,
				90EFD1315432AFF8DE52B117 /* [CP] Copy Pods Resources */,
			);
			buildRules = (
			);
			dependencies = (
			);
			name = FavotterUtill;
			productName = FavotterUtill;
			productReference = 547592981FE9393600C9E11E /* FavotterUtill.framework */;
			productType = "com.apple.product-type.framework";
		};
		547592A81FE9395200C9E11E /* FavotterAPIClient */ = {
			isa = PBXNativeTarget;
			buildConfigurationList = 547592B21FE9395200C9E11E /* Build configuration list for PBXNativeTarget "FavotterAPIClient" */;
			buildPhases = (
				D206B72F0425F65BF327173C /* [CP] Check Pods Manifest.lock */,
				547592A41FE9395200C9E11E /* Sources */,
				547592A51FE9395200C9E11E /* Frameworks */,
				547592A61FE9395200C9E11E /* Headers */,
				547592A71FE9395200C9E11E /* Resources */,
				010A2EEDFC1A52404EAF5112 /* [CP] Copy Pods Resources */,
			);
			buildRules = (
			);
			dependencies = (
			);
			name = FavotterAPIClient;
			productName = FavotterAPIClient;
			productReference = 547592A91FE9395200C9E11E /* FavotterAPIClient.framework */;
			productType = "com.apple.product-type.framework";
		};
		54871B551FE931C800235B29 /* Favotter */ = {
			isa = PBXNativeTarget;
			buildConfigurationList = 54871B7E1FE931C800235B29 /* Build configuration list for PBXNativeTarget "Favotter" */;
			buildPhases = (
				1EE1D93266E51F8C1D2FB689 /* [CP] Check Pods Manifest.lock */,
				54871B521FE931C800235B29 /* Sources */,
				54871B531FE931C800235B29 /* Frameworks */,
				54871B541FE931C800235B29 /* Resources */,
				547592701FE934FF00C9E11E /* Embed Frameworks */,
				E963603CD7446FA50C336219 /* [CP] Embed Pods Frameworks */,
				CA7CAF6D2C567B08640B9C77 /* [CP] Copy Pods Resources */,
			);
			buildRules = (
			);
			dependencies = (
				5475926A1FE934FF00C9E11E /* PBXTargetDependency */,
				5475927C1FE9390600C9E11E /* PBXTargetDependency */,
				5475928D1FE9391700C9E11E /* PBXTargetDependency */,
				5475929E1FE9393600C9E11E /* PBXTargetDependency */,
				547592AF1FE9395200C9E11E /* PBXTargetDependency */,
			);
			name = Favotter;
			productName = Favotter;
			productReference = 54871B561FE931C800235B29 /* Favotter.app */;
			productType = "com.apple.product-type.application";
		};
		54871B691FE931C800235B29 /* FavotterTests */ = {
			isa = PBXNativeTarget;
			buildConfigurationList = 54871B811FE931C800235B29 /* Build configuration list for PBXNativeTarget "FavotterTests" */;
			buildPhases = (
				54871B661FE931C800235B29 /* Sources */,
				54871B671FE931C800235B29 /* Frameworks */,
				54871B681FE931C800235B29 /* Resources */,
			);
			buildRules = (
			);
			dependencies = (
				54871B6C1FE931C800235B29 /* PBXTargetDependency */,
			);
			name = FavotterTests;
			productName = FavotterTests;
			productReference = 54871B6A1FE931C800235B29 /* FavotterTests.xctest */;
			productType = "com.apple.product-type.bundle.unit-test";
		};
		54871B741FE931C800235B29 /* FavotterUITests */ = {
			isa = PBXNativeTarget;
			buildConfigurationList = 54871B841FE931C800235B29 /* Build configuration list for PBXNativeTarget "FavotterUITests" */;
			buildPhases = (
				54871B711FE931C800235B29 /* Sources */,
				54871B721FE931C800235B29 /* Frameworks */,
				54871B731FE931C800235B29 /* Resources */,
			);
			buildRules = (
			);
			dependencies = (
				54871B771FE931C800235B29 /* PBXTargetDependency */,
			);
			name = FavotterUITests;
			productName = FavotterUITests;
			productReference = 54871B751FE931C800235B29 /* FavotterUITests.xctest */;
			productType = "com.apple.product-type.bundle.ui-testing";
		};
/* End PBXNativeTarget section */

/* Begin PBXProject section */
		54871B4E1FE931C800235B29 /* Project object */ = {
			isa = PBXProject;
			attributes = {
				LastSwiftUpdateCheck = 0910;
				LastUpgradeCheck = 0910;
				ORGANIZATIONNAME = hirothings;
				TargetAttributes = {
					547592631FE934FF00C9E11E = {
						CreatedOnToolsVersion = 9.1;
						LastSwiftMigration = 0910;
						ProvisioningStyle = Automatic;
					};
					547592751FE9390500C9E11E = {
						CreatedOnToolsVersion = 9.1;
						ProvisioningStyle = Automatic;
					};
					547592861FE9391700C9E11E = {
						CreatedOnToolsVersion = 9.1;
						ProvisioningStyle = Automatic;
					};
					547592971FE9393600C9E11E = {
						CreatedOnToolsVersion = 9.1;
						LastSwiftMigration = 0910;
						ProvisioningStyle = Automatic;
					};
					547592A81FE9395200C9E11E = {
						CreatedOnToolsVersion = 9.1;
						ProvisioningStyle = Automatic;
					};
					54871B551FE931C800235B29 = {
						CreatedOnToolsVersion = 9.1;
						ProvisioningStyle = Automatic;
					};
					54871B691FE931C800235B29 = {
						CreatedOnToolsVersion = 9.1;
						ProvisioningStyle = Automatic;
						TestTargetID = 54871B551FE931C800235B29;
					};
					54871B741FE931C800235B29 = {
						CreatedOnToolsVersion = 9.1;
						ProvisioningStyle = Automatic;
						TestTargetID = 54871B551FE931C800235B29;
					};
				};
			};
			buildConfigurationList = 54871B511FE931C800235B29 /* Build configuration list for PBXProject "Favotter" */;
			compatibilityVersion = "Xcode 8.0";
			developmentRegion = en;
			hasScannedForEncodings = 0;
			knownRegions = (
				en,
				Base,
			);
			mainGroup = 54871B4D1FE931C800235B29;
			productRefGroup = 54871B571FE931C800235B29 /* Products */;
			projectDirPath = "";
			projectRoot = "";
			targets = (
				54871B551FE931C800235B29 /* Favotter */,
				54871B691FE931C800235B29 /* FavotterTests */,
				54871B741FE931C800235B29 /* FavotterUITests */,
				547592631FE934FF00C9E11E /* FavotterStyle */,
				547592751FE9390500C9E11E /* FavotterModel */,
				547592861FE9391700C9E11E /* FavotterView */,
				547592971FE9393600C9E11E /* FavotterUtill */,
				547592A81FE9395200C9E11E /* FavotterAPIClient */,
			);
		};
/* End PBXProject section */

/* Begin PBXResourcesBuildPhase section */
		547592621FE934FF00C9E11E /* Resources */ = {
			isa = PBXResourcesBuildPhase;
			buildActionMask = 2147483647;
			files = (
			);
			runOnlyForDeploymentPostprocessing = 0;
		};
		547592741FE9390500C9E11E /* Resources */ = {
			isa = PBXResourcesBuildPhase;
			buildActionMask = 2147483647;
			files = (
			);
			runOnlyForDeploymentPostprocessing = 0;
		};
		547592851FE9391700C9E11E /* Resources */ = {
			isa = PBXResourcesBuildPhase;
			buildActionMask = 2147483647;
			files = (
			);
			runOnlyForDeploymentPostprocessing = 0;
		};
		547592961FE9393600C9E11E /* Resources */ = {
			isa = PBXResourcesBuildPhase;
			buildActionMask = 2147483647;
			files = (
			);
			runOnlyForDeploymentPostprocessing = 0;
		};
		547592A71FE9395200C9E11E /* Resources */ = {
			isa = PBXResourcesBuildPhase;
			buildActionMask = 2147483647;
			files = (
			);
			runOnlyForDeploymentPostprocessing = 0;
		};
		54871B541FE931C800235B29 /* Resources */ = {
			isa = PBXResourcesBuildPhase;
			buildActionMask = 2147483647;
			files = (
				54871B641FE931C800235B29 /* LaunchScreen.storyboard in Resources */,
				54871B611FE931C800235B29 /* Assets.xcassets in Resources */,
				54871B5F1FE931C800235B29 /* Main.storyboard in Resources */,
			);
			runOnlyForDeploymentPostprocessing = 0;
		};
		54871B681FE931C800235B29 /* Resources */ = {
			isa = PBXResourcesBuildPhase;
			buildActionMask = 2147483647;
			files = (
			);
			runOnlyForDeploymentPostprocessing = 0;
		};
		54871B731FE931C800235B29 /* Resources */ = {
			isa = PBXResourcesBuildPhase;
			buildActionMask = 2147483647;
			files = (
			);
			runOnlyForDeploymentPostprocessing = 0;
		};
/* End PBXResourcesBuildPhase section */

/* Begin PBXShellScriptBuildPhase section */
		010A2EEDFC1A52404EAF5112 /* [CP] Copy Pods Resources */ = {
			isa = PBXShellScriptBuildPhase;
			buildActionMask = 2147483647;
			files = (
			);
			inputPaths = (
			);
			name = "[CP] Copy Pods Resources";
			outputPaths = (
			);
			runOnlyForDeploymentPostprocessing = 0;
			shellPath = /bin/sh;
			shellScript = "\"${SRCROOT}/Pods/Target Support Files/Pods-FavotterTarget-FavotterAPIClient/Pods-FavotterTarget-FavotterAPIClient-resources.sh\"\n";
			showEnvVarsInLog = 0;
		};
		1EE1D93266E51F8C1D2FB689 /* [CP] Check Pods Manifest.lock */ = {
			isa = PBXShellScriptBuildPhase;
			buildActionMask = 2147483647;
			files = (
			);
			inputPaths = (
				"${PODS_PODFILE_DIR_PATH}/Podfile.lock",
				"${PODS_ROOT}/Manifest.lock",
			);
			name = "[CP] Check Pods Manifest.lock";
			outputPaths = (
				"$(DERIVED_FILE_DIR)/Pods-FavotterTarget-Favotter-checkManifestLockResult.txt",
			);
			runOnlyForDeploymentPostprocessing = 0;
			shellPath = /bin/sh;
			shellScript = "diff \"${PODS_PODFILE_DIR_PATH}/Podfile.lock\" \"${PODS_ROOT}/Manifest.lock\" > /dev/null\nif [ $? != 0 ] ; then\n    # print error to STDERR\n    echo \"error: The sandbox is not in sync with the Podfile.lock. Run 'pod install' or update your CocoaPods installation.\" >&2\n    exit 1\nfi\n# This output is used by Xcode 'outputs' to avoid re-running this script phase.\necho \"SUCCESS\" > \"${SCRIPT_OUTPUT_FILE_0}\"\n";
			showEnvVarsInLog = 0;
		};
		379E732CE604076F042A8C6F /* [CP] Check Pods Manifest.lock */ = {
			isa = PBXShellScriptBuildPhase;
			buildActionMask = 2147483647;
			files = (
			);
			inputPaths = (
				"${PODS_PODFILE_DIR_PATH}/Podfile.lock",
				"${PODS_ROOT}/Manifest.lock",
			);
			name = "[CP] Check Pods Manifest.lock";
			outputPaths = (
				"$(DERIVED_FILE_DIR)/Pods-FavotterTarget-FavotterUtill-checkManifestLockResult.txt",
			);
			runOnlyForDeploymentPostprocessing = 0;
			shellPath = /bin/sh;
			shellScript = "diff \"${PODS_PODFILE_DIR_PATH}/Podfile.lock\" \"${PODS_ROOT}/Manifest.lock\" > /dev/null\nif [ $? != 0 ] ; then\n    # print error to STDERR\n    echo \"error: The sandbox is not in sync with the Podfile.lock. Run 'pod install' or update your CocoaPods installation.\" >&2\n    exit 1\nfi\n# This output is used by Xcode 'outputs' to avoid re-running this script phase.\necho \"SUCCESS\" > \"${SCRIPT_OUTPUT_FILE_0}\"\n";
			showEnvVarsInLog = 0;
		};
		3E31565F69BEC6DD72E6E094 /* [CP] Copy Pods Resources */ = {
			isa = PBXShellScriptBuildPhase;
			buildActionMask = 2147483647;
			files = (
			);
			inputPaths = (
			);
			name = "[CP] Copy Pods Resources";
			outputPaths = (
			);
			runOnlyForDeploymentPostprocessing = 0;
			shellPath = /bin/sh;
			shellScript = "\"${SRCROOT}/Pods/Target Support Files/Pods-FavotterTarget-FavotterStyle/Pods-FavotterTarget-FavotterStyle-resources.sh\"\n";
			showEnvVarsInLog = 0;
		};
		49A10FCDF6C13C3ED6A1A97D /* [CP] Copy Pods Resources */ = {
			isa = PBXShellScriptBuildPhase;
			buildActionMask = 2147483647;
			files = (
			);
			inputPaths = (
			);
			name = "[CP] Copy Pods Resources";
			outputPaths = (
			);
			runOnlyForDeploymentPostprocessing = 0;
			shellPath = /bin/sh;
			shellScript = "\"${SRCROOT}/Pods/Target Support Files/Pods-FavotterTarget-FavotterModel/Pods-FavotterTarget-FavotterModel-resources.sh\"\n";
			showEnvVarsInLog = 0;
		};
		4CFBE8C16918A20AAF628FC2 /* [CP] Check Pods Manifest.lock */ = {
			isa = PBXShellScriptBuildPhase;
			buildActionMask = 2147483647;
			files = (
			);
			inputPaths = (
				"${PODS_PODFILE_DIR_PATH}/Podfile.lock",
				"${PODS_ROOT}/Manifest.lock",
			);
			name = "[CP] Check Pods Manifest.lock";
			outputPaths = (
				"$(DERIVED_FILE_DIR)/Pods-FavotterTarget-FavotterStyle-checkManifestLockResult.txt",
			);
			runOnlyForDeploymentPostprocessing = 0;
			shellPath = /bin/sh;
			shellScript = "diff \"${PODS_PODFILE_DIR_PATH}/Podfile.lock\" \"${PODS_ROOT}/Manifest.lock\" > /dev/null\nif [ $? != 0 ] ; then\n    # print error to STDERR\n    echo \"error: The sandbox is not in sync with the Podfile.lock. Run 'pod install' or update your CocoaPods installation.\" >&2\n    exit 1\nfi\n# This output is used by Xcode 'outputs' to avoid re-running this script phase.\necho \"SUCCESS\" > \"${SCRIPT_OUTPUT_FILE_0}\"\n";
			showEnvVarsInLog = 0;
		};
		7F1B08EDA6DE5E3653A47AE9 /* [CP] Check Pods Manifest.lock */ = {
			isa = PBXShellScriptBuildPhase;
			buildActionMask = 2147483647;
			files = (
			);
			inputPaths = (
				"${PODS_PODFILE_DIR_PATH}/Podfile.lock",
				"${PODS_ROOT}/Manifest.lock",
			);
			name = "[CP] Check Pods Manifest.lock";
			outputPaths = (
				"$(DERIVED_FILE_DIR)/Pods-FavotterTarget-FavotterModel-checkManifestLockResult.txt",
			);
			runOnlyForDeploymentPostprocessing = 0;
			shellPath = /bin/sh;
			shellScript = "diff \"${PODS_PODFILE_DIR_PATH}/Podfile.lock\" \"${PODS_ROOT}/Manifest.lock\" > /dev/null\nif [ $? != 0 ] ; then\n    # print error to STDERR\n    echo \"error: The sandbox is not in sync with the Podfile.lock. Run 'pod install' or update your CocoaPods installation.\" >&2\n    exit 1\nfi\n# This output is used by Xcode 'outputs' to avoid re-running this script phase.\necho \"SUCCESS\" > \"${SCRIPT_OUTPUT_FILE_0}\"\n";
			showEnvVarsInLog = 0;
		};
		90EFD1315432AFF8DE52B117 /* [CP] Copy Pods Resources */ = {
			isa = PBXShellScriptBuildPhase;
			buildActionMask = 2147483647;
			files = (
			);
			inputPaths = (
			);
			name = "[CP] Copy Pods Resources";
			outputPaths = (
			);
			runOnlyForDeploymentPostprocessing = 0;
			shellPath = /bin/sh;
			shellScript = "\"${SRCROOT}/Pods/Target Support Files/Pods-FavotterTarget-FavotterUtill/Pods-FavotterTarget-FavotterUtill-resources.sh\"\n";
			showEnvVarsInLog = 0;
		};
		AF86CA6A9C922E66AFD154E5 /* [CP] Check Pods Manifest.lock */ = {
			isa = PBXShellScriptBuildPhase;
			buildActionMask = 2147483647;
			files = (
			);
			inputPaths = (
				"${PODS_PODFILE_DIR_PATH}/Podfile.lock",
				"${PODS_ROOT}/Manifest.lock",
			);
			name = "[CP] Check Pods Manifest.lock";
			outputPaths = (
				"$(DERIVED_FILE_DIR)/Pods-FavotterTarget-FavotterView-checkManifestLockResult.txt",
			);
			runOnlyForDeploymentPostprocessing = 0;
			shellPath = /bin/sh;
			shellScript = "diff \"${PODS_PODFILE_DIR_PATH}/Podfile.lock\" \"${PODS_ROOT}/Manifest.lock\" > /dev/null\nif [ $? != 0 ] ; then\n    # print error to STDERR\n    echo \"error: The sandbox is not in sync with the Podfile.lock. Run 'pod install' or update your CocoaPods installation.\" >&2\n    exit 1\nfi\n# This output is used by Xcode 'outputs' to avoid re-running this script phase.\necho \"SUCCESS\" > \"${SCRIPT_OUTPUT_FILE_0}\"\n";
			showEnvVarsInLog = 0;
		};
		CA7CAF6D2C567B08640B9C77 /* [CP] Copy Pods Resources */ = {
			isa = PBXShellScriptBuildPhase;
			buildActionMask = 2147483647;
			files = (
			);
			inputPaths = (
			);
			name = "[CP] Copy Pods Resources";
			outputPaths = (
			);
			runOnlyForDeploymentPostprocessing = 0;
			shellPath = /bin/sh;
			shellScript = "\"${SRCROOT}/Pods/Target Support Files/Pods-FavotterTarget-Favotter/Pods-FavotterTarget-Favotter-resources.sh\"\n";
			showEnvVarsInLog = 0;
		};
		D206B72F0425F65BF327173C /* [CP] Check Pods Manifest.lock */ = {
			isa = PBXShellScriptBuildPhase;
			buildActionMask = 2147483647;
			files = (
			);
			inputPaths = (
				"${PODS_PODFILE_DIR_PATH}/Podfile.lock",
				"${PODS_ROOT}/Manifest.lock",
			);
			name = "[CP] Check Pods Manifest.lock";
			outputPaths = (
				"$(DERIVED_FILE_DIR)/Pods-FavotterTarget-FavotterAPIClient-checkManifestLockResult.txt",
			);
			runOnlyForDeploymentPostprocessing = 0;
			shellPath = /bin/sh;
			shellScript = "diff \"${PODS_PODFILE_DIR_PATH}/Podfile.lock\" \"${PODS_ROOT}/Manifest.lock\" > /dev/null\nif [ $? != 0 ] ; then\n    # print error to STDERR\n    echo \"error: The sandbox is not in sync with the Podfile.lock. Run 'pod install' or update your CocoaPods installation.\" >&2\n    exit 1\nfi\n# This output is used by Xcode 'outputs' to avoid re-running this script phase.\necho \"SUCCESS\" > \"${SCRIPT_OUTPUT_FILE_0}\"\n";
			showEnvVarsInLog = 0;
		};
		DAA7EE86F513C90C2B094800 /* [CP] Copy Pods Resources */ = {
			isa = PBXShellScriptBuildPhase;
			buildActionMask = 2147483647;
			files = (
			);
			inputPaths = (
			);
			name = "[CP] Copy Pods Resources";
			outputPaths = (
			);
			runOnlyForDeploymentPostprocessing = 0;
			shellPath = /bin/sh;
			shellScript = "\"${SRCROOT}/Pods/Target Support Files/Pods-FavotterTarget-FavotterView/Pods-FavotterTarget-FavotterView-resources.sh\"\n";
			showEnvVarsInLog = 0;
		};
		E963603CD7446FA50C336219 /* [CP] Embed Pods Frameworks */ = {
			isa = PBXShellScriptBuildPhase;
			buildActionMask = 2147483647;
			files = (
			);
			inputPaths = (
				"${SRCROOT}/Pods/Target Support Files/Pods-FavotterTarget-Favotter/Pods-FavotterTarget-Favotter-frameworks.sh",
				"${BUILT_PRODUCTS_DIR}/Action/Action.framework",
				"${BUILT_PRODUCTS_DIR}/Nuke/Nuke.framework",
				"${BUILT_PRODUCTS_DIR}/Realm/Realm.framework",
				"${BUILT_PRODUCTS_DIR}/RealmSwift/RealmSwift.framework",
				"${BUILT_PRODUCTS_DIR}/RxCocoa/RxCocoa.framework",
				"${BUILT_PRODUCTS_DIR}/RxSwift/RxSwift.framework",
				"${BUILT_PRODUCTS_DIR}/SnapKit/SnapKit.framework",
				"${BUILT_PRODUCTS_DIR}/Himotoki/Himotoki.framework",
			);
			name = "[CP] Embed Pods Frameworks";
			outputPaths = (
				"${TARGET_BUILD_DIR}/${FRAMEWORKS_FOLDER_PATH}/Action.framework",
				"${TARGET_BUILD_DIR}/${FRAMEWORKS_FOLDER_PATH}/Nuke.framework",
				"${TARGET_BUILD_DIR}/${FRAMEWORKS_FOLDER_PATH}/Realm.framework",
				"${TARGET_BUILD_DIR}/${FRAMEWORKS_FOLDER_PATH}/RealmSwift.framework",
				"${TARGET_BUILD_DIR}/${FRAMEWORKS_FOLDER_PATH}/RxCocoa.framework",
				"${TARGET_BUILD_DIR}/${FRAMEWORKS_FOLDER_PATH}/RxSwift.framework",
				"${TARGET_BUILD_DIR}/${FRAMEWORKS_FOLDER_PATH}/SnapKit.framework",
				"${TARGET_BUILD_DIR}/${FRAMEWORKS_FOLDER_PATH}/Himotoki.framework",
			);
			runOnlyForDeploymentPostprocessing = 0;
			shellPath = /bin/sh;
			shellScript = "\"${SRCROOT}/Pods/Target Support Files/Pods-FavotterTarget-Favotter/Pods-FavotterTarget-Favotter-frameworks.sh\"\n";
			showEnvVarsInLog = 0;
		};
/* End PBXShellScriptBuildPhase section */

/* Begin PBXSourcesBuildPhase section */
		5475925F1FE934FF00C9E11E /* Sources */ = {
			isa = PBXSourcesBuildPhase;
			buildActionMask = 2147483647;
			files = (
			);
			runOnlyForDeploymentPostprocessing = 0;
		};
		547592711FE9390500C9E11E /* Sources */ = {
			isa = PBXSourcesBuildPhase;
			buildActionMask = 2147483647;
			files = (
			);
			runOnlyForDeploymentPostprocessing = 0;
		};
		547592821FE9391700C9E11E /* Sources */ = {
			isa = PBXSourcesBuildPhase;
			buildActionMask = 2147483647;
			files = (
			);
			runOnlyForDeploymentPostprocessing = 0;
		};
		547592931FE9393600C9E11E /* Sources */ = {
			isa = PBXSourcesBuildPhase;
			buildActionMask = 2147483647;
			files = (
			);
			runOnlyForDeploymentPostprocessing = 0;
		};
		547592A41FE9395200C9E11E /* Sources */ = {
			isa = PBXSourcesBuildPhase;
			buildActionMask = 2147483647;
			files = (
			);
			runOnlyForDeploymentPostprocessing = 0;
		};
		54871B521FE931C800235B29 /* Sources */ = {
			isa = PBXSourcesBuildPhase;
			buildActionMask = 2147483647;
			files = (
				54871B5C1FE931C800235B29 /* ViewController.swift in Sources */,
				54871B5A1FE931C800235B29 /* AppDelegate.swift in Sources */,
			);
			runOnlyForDeploymentPostprocessing = 0;
		};
		54871B661FE931C800235B29 /* Sources */ = {
			isa = PBXSourcesBuildPhase;
			buildActionMask = 2147483647;
			files = (
				54871B6F1FE931C800235B29 /* FavotterTests.swift in Sources */,
			);
			runOnlyForDeploymentPostprocessing = 0;
		};
		54871B711FE931C800235B29 /* Sources */ = {
			isa = PBXSourcesBuildPhase;
			buildActionMask = 2147483647;
			files = (
				54871B7A1FE931C800235B29 /* FavotterUITests.swift in Sources */,
			);
			runOnlyForDeploymentPostprocessing = 0;
		};
/* End PBXSourcesBuildPhase section */

/* Begin PBXTargetDependency section */
		5475926A1FE934FF00C9E11E /* PBXTargetDependency */ = {
			isa = PBXTargetDependency;
			target = 547592631FE934FF00C9E11E /* FavotterStyle */;
			targetProxy = 547592691FE934FF00C9E11E /* PBXContainerItemProxy */;
		};
		5475927C1FE9390600C9E11E /* PBXTargetDependency */ = {
			isa = PBXTargetDependency;
			target = 547592751FE9390500C9E11E /* FavotterModel */;
			targetProxy = 5475927B1FE9390600C9E11E /* PBXContainerItemProxy */;
		};
		5475928D1FE9391700C9E11E /* PBXTargetDependency */ = {
			isa = PBXTargetDependency;
			target = 547592861FE9391700C9E11E /* FavotterView */;
			targetProxy = 5475928C1FE9391700C9E11E /* PBXContainerItemProxy */;
		};
		5475929E1FE9393600C9E11E /* PBXTargetDependency */ = {
			isa = PBXTargetDependency;
			target = 547592971FE9393600C9E11E /* FavotterUtill */;
			targetProxy = 5475929D1FE9393600C9E11E /* PBXContainerItemProxy */;
		};
		547592AF1FE9395200C9E11E /* PBXTargetDependency */ = {
			isa = PBXTargetDependency;
			target = 547592A81FE9395200C9E11E /* FavotterAPIClient */;
			targetProxy = 547592AE1FE9395200C9E11E /* PBXContainerItemProxy */;
		};
		54871B6C1FE931C800235B29 /* PBXTargetDependency */ = {
			isa = PBXTargetDependency;
			target = 54871B551FE931C800235B29 /* Favotter */;
			targetProxy = 54871B6B1FE931C800235B29 /* PBXContainerItemProxy */;
		};
		54871B771FE931C800235B29 /* PBXTargetDependency */ = {
			isa = PBXTargetDependency;
			target = 54871B551FE931C800235B29 /* Favotter */;
			targetProxy = 54871B761FE931C800235B29 /* PBXContainerItemProxy */;
		};
/* End PBXTargetDependency section */

/* Begin PBXVariantGroup section */
		54871B5D1FE931C800235B29 /* Main.storyboard */ = {
			isa = PBXVariantGroup;
			children = (
				54871B5E1FE931C800235B29 /* Base */,
			);
			name = Main.storyboard;
			sourceTree = "<group>";
		};
		54871B621FE931C800235B29 /* LaunchScreen.storyboard */ = {
			isa = PBXVariantGroup;
			children = (
				54871B631FE931C800235B29 /* Base */,
			);
			name = LaunchScreen.storyboard;
			sourceTree = "<group>";
		};
/* End PBXVariantGroup section */

/* Begin XCBuildConfiguration section */
		5475926D1FE934FF00C9E11E /* Debug */ = {
			isa = XCBuildConfiguration;
			baseConfigurationReference = 6DDAF34D6ECEFA78BF33E5D2 /* Pods-FavotterTarget-FavotterStyle.debug.xcconfig */;
			buildSettings = {
				CLANG_ENABLE_MODULES = YES;
				CODE_SIGN_IDENTITY = "";
				CODE_SIGN_STYLE = Automatic;
				CURRENT_PROJECT_VERSION = 1;
				DEFINES_MODULE = YES;
				DYLIB_COMPATIBILITY_VERSION = 1;
				DYLIB_CURRENT_VERSION = 1;
				DYLIB_INSTALL_NAME_BASE = "@rpath";
				INFOPLIST_FILE = FavotterStyle/Info.plist;
				INSTALL_PATH = "$(LOCAL_LIBRARY_DIR)/Frameworks";
				LD_RUNPATH_SEARCH_PATHS = "$(inherited) @executable_path/Frameworks @loader_path/Frameworks";
				PRODUCT_BUNDLE_IDENTIFIER = hirothings.FavotterStyle;
				PRODUCT_NAME = "$(TARGET_NAME:c99extidentifier)";
				SKIP_INSTALL = YES;
				SWIFT_OPTIMIZATION_LEVEL = "-Onone";
				SWIFT_VERSION = 4.0;
				TARGETED_DEVICE_FAMILY = "1,2";
				VERSIONING_SYSTEM = "apple-generic";
				VERSION_INFO_PREFIX = "";
			};
			name = Debug;
		};
		5475926E1FE934FF00C9E11E /* Release */ = {
			isa = XCBuildConfiguration;
			baseConfigurationReference = 84B8282EF977C8B14AF96577 /* Pods-FavotterTarget-FavotterStyle.release.xcconfig */;
			buildSettings = {
				CLANG_ENABLE_MODULES = YES;
				CODE_SIGN_IDENTITY = "";
				CODE_SIGN_STYLE = Automatic;
				CURRENT_PROJECT_VERSION = 1;
				DEFINES_MODULE = YES;
				DYLIB_COMPATIBILITY_VERSION = 1;
				DYLIB_CURRENT_VERSION = 1;
				DYLIB_INSTALL_NAME_BASE = "@rpath";
				INFOPLIST_FILE = FavotterStyle/Info.plist;
				INSTALL_PATH = "$(LOCAL_LIBRARY_DIR)/Frameworks";
				LD_RUNPATH_SEARCH_PATHS = "$(inherited) @executable_path/Frameworks @loader_path/Frameworks";
				PRODUCT_BUNDLE_IDENTIFIER = hirothings.FavotterStyle;
				PRODUCT_NAME = "$(TARGET_NAME:c99extidentifier)";
				SKIP_INSTALL = YES;
				SWIFT_VERSION = 4.0;
				TARGETED_DEVICE_FAMILY = "1,2";
				VERSIONING_SYSTEM = "apple-generic";
				VERSION_INFO_PREFIX = "";
			};
			name = Release;
		};
		547592801FE9390600C9E11E /* Debug */ = {
			isa = XCBuildConfiguration;
			baseConfigurationReference = 5405220A82FC7DC458C3633D /* Pods-FavotterTarget-FavotterModel.debug.xcconfig */;
			buildSettings = {
				CODE_SIGN_IDENTITY = "";
				CODE_SIGN_STYLE = Automatic;
				CURRENT_PROJECT_VERSION = 1;
				DEFINES_MODULE = YES;
				DYLIB_COMPATIBILITY_VERSION = 1;
				DYLIB_CURRENT_VERSION = 1;
				DYLIB_INSTALL_NAME_BASE = "@rpath";
				INFOPLIST_FILE = FavotterModel/Info.plist;
				INSTALL_PATH = "$(LOCAL_LIBRARY_DIR)/Frameworks";
				LD_RUNPATH_SEARCH_PATHS = "$(inherited) @executable_path/Frameworks @loader_path/Frameworks";
				PRODUCT_BUNDLE_IDENTIFIER = hirothings.FavotterModel;
				PRODUCT_NAME = "$(TARGET_NAME:c99extidentifier)";
				SKIP_INSTALL = YES;
				SWIFT_VERSION = 4.0;
				TARGETED_DEVICE_FAMILY = "1,2";
				VERSIONING_SYSTEM = "apple-generic";
				VERSION_INFO_PREFIX = "";
			};
			name = Debug;
		};
		547592811FE9390600C9E11E /* Release */ = {
			isa = XCBuildConfiguration;
			baseConfigurationReference = E26232BED17165213D3C4CC6 /* Pods-FavotterTarget-FavotterModel.release.xcconfig */;
			buildSettings = {
				CODE_SIGN_IDENTITY = "";
				CODE_SIGN_STYLE = Automatic;
				CURRENT_PROJECT_VERSION = 1;
				DEFINES_MODULE = YES;
				DYLIB_COMPATIBILITY_VERSION = 1;
				DYLIB_CURRENT_VERSION = 1;
				DYLIB_INSTALL_NAME_BASE = "@rpath";
				INFOPLIST_FILE = FavotterModel/Info.plist;
				INSTALL_PATH = "$(LOCAL_LIBRARY_DIR)/Frameworks";
				LD_RUNPATH_SEARCH_PATHS = "$(inherited) @executable_path/Frameworks @loader_path/Frameworks";
				PRODUCT_BUNDLE_IDENTIFIER = hirothings.FavotterModel;
				PRODUCT_NAME = "$(TARGET_NAME:c99extidentifier)";
				SKIP_INSTALL = YES;
				SWIFT_VERSION = 4.0;
				TARGETED_DEVICE_FAMILY = "1,2";
				VERSIONING_SYSTEM = "apple-generic";
				VERSION_INFO_PREFIX = "";
			};
			name = Release;
		};
		547592911FE9391700C9E11E /* Debug */ = {
			isa = XCBuildConfiguration;
			baseConfigurationReference = 02B4DAEF01AE4B9FBE5D2120 /* Pods-FavotterTarget-FavotterView.debug.xcconfig */;
			buildSettings = {
				CODE_SIGN_IDENTITY = "";
				CODE_SIGN_STYLE = Automatic;
				CURRENT_PROJECT_VERSION = 1;
				DEFINES_MODULE = YES;
				DYLIB_COMPATIBILITY_VERSION = 1;
				DYLIB_CURRENT_VERSION = 1;
				DYLIB_INSTALL_NAME_BASE = "@rpath";
				INFOPLIST_FILE = FavotterView/Info.plist;
				INSTALL_PATH = "$(LOCAL_LIBRARY_DIR)/Frameworks";
				LD_RUNPATH_SEARCH_PATHS = "$(inherited) @executable_path/Frameworks @loader_path/Frameworks";
				PRODUCT_BUNDLE_IDENTIFIER = hirothings.FavotterView;
				PRODUCT_NAME = "$(TARGET_NAME:c99extidentifier)";
				SKIP_INSTALL = YES;
				SWIFT_VERSION = 4.0;
				TARGETED_DEVICE_FAMILY = "1,2";
				VERSIONING_SYSTEM = "apple-generic";
				VERSION_INFO_PREFIX = "";
			};
			name = Debug;
		};
		547592921FE9391700C9E11E /* Release */ = {
			isa = XCBuildConfiguration;
			baseConfigurationReference = C01556AC7F24D6F3B4060707 /* Pods-FavotterTarget-FavotterView.release.xcconfig */;
			buildSettings = {
				CODE_SIGN_IDENTITY = "";
				CODE_SIGN_STYLE = Automatic;
				CURRENT_PROJECT_VERSION = 1;
				DEFINES_MODULE = YES;
				DYLIB_COMPATIBILITY_VERSION = 1;
				DYLIB_CURRENT_VERSION = 1;
				DYLIB_INSTALL_NAME_BASE = "@rpath";
				INFOPLIST_FILE = FavotterView/Info.plist;
				INSTALL_PATH = "$(LOCAL_LIBRARY_DIR)/Frameworks";
				LD_RUNPATH_SEARCH_PATHS = "$(inherited) @executable_path/Frameworks @loader_path/Frameworks";
				PRODUCT_BUNDLE_IDENTIFIER = hirothings.FavotterView;
				PRODUCT_NAME = "$(TARGET_NAME:c99extidentifier)";
				SKIP_INSTALL = YES;
				SWIFT_VERSION = 4.0;
				TARGETED_DEVICE_FAMILY = "1,2";
				VERSIONING_SYSTEM = "apple-generic";
				VERSION_INFO_PREFIX = "";
			};
			name = Release;
		};
		547592A21FE9393600C9E11E /* Debug */ = {
			isa = XCBuildConfiguration;
			baseConfigurationReference = E597A113523B293BFB99223D /* Pods-FavotterTarget-FavotterUtill.debug.xcconfig */;
			buildSettings = {
				CLANG_ENABLE_MODULES = YES;
				CODE_SIGN_IDENTITY = "";
				CODE_SIGN_STYLE = Automatic;
				CURRENT_PROJECT_VERSION = 1;
				DEFINES_MODULE = YES;
				DYLIB_COMPATIBILITY_VERSION = 1;
				DYLIB_CURRENT_VERSION = 1;
				DYLIB_INSTALL_NAME_BASE = "@rpath";
				INFOPLIST_FILE = FavotterUtill/Info.plist;
				INSTALL_PATH = "$(LOCAL_LIBRARY_DIR)/Frameworks";
				LD_RUNPATH_SEARCH_PATHS = "$(inherited) @executable_path/Frameworks @loader_path/Frameworks";
				PRODUCT_BUNDLE_IDENTIFIER = hirothings.FavotterUtill;
				PRODUCT_NAME = "$(TARGET_NAME:c99extidentifier)";
				SKIP_INSTALL = YES;
				SWIFT_OPTIMIZATION_LEVEL = "-Onone";
				SWIFT_VERSION = 4.0;
				TARGETED_DEVICE_FAMILY = "1,2";
				VERSIONING_SYSTEM = "apple-generic";
				VERSION_INFO_PREFIX = "";
			};
			name = Debug;
		};
		547592A31FE9393600C9E11E /* Release */ = {
			isa = XCBuildConfiguration;
			baseConfigurationReference = BAC8CA2D8B88B4481792AA19 /* Pods-FavotterTarget-FavotterUtill.release.xcconfig */;
			buildSettings = {
				CLANG_ENABLE_MODULES = YES;
				CODE_SIGN_IDENTITY = "";
				CODE_SIGN_STYLE = Automatic;
				CURRENT_PROJECT_VERSION = 1;
				DEFINES_MODULE = YES;
				DYLIB_COMPATIBILITY_VERSION = 1;
				DYLIB_CURRENT_VERSION = 1;
				DYLIB_INSTALL_NAME_BASE = "@rpath";
				INFOPLIST_FILE = FavotterUtill/Info.plist;
				INSTALL_PATH = "$(LOCAL_LIBRARY_DIR)/Frameworks";
				LD_RUNPATH_SEARCH_PATHS = "$(inherited) @executable_path/Frameworks @loader_path/Frameworks";
				PRODUCT_BUNDLE_IDENTIFIER = hirothings.FavotterUtill;
				PRODUCT_NAME = "$(TARGET_NAME:c99extidentifier)";
				SKIP_INSTALL = YES;
				SWIFT_VERSION = 4.0;
				TARGETED_DEVICE_FAMILY = "1,2";
				VERSIONING_SYSTEM = "apple-generic";
				VERSION_INFO_PREFIX = "";
			};
			name = Release;
		};
		547592B31FE9395200C9E11E /* Debug */ = {
			isa = XCBuildConfiguration;
			baseConfigurationReference = 84FE3C1F87AC4C64EC1D6CF4 /* Pods-FavotterTarget-FavotterAPIClient.debug.xcconfig */;
			buildSettings = {
				CODE_SIGN_IDENTITY = "";
				CODE_SIGN_STYLE = Automatic;
				CURRENT_PROJECT_VERSION = 1;
				DEFINES_MODULE = YES;
				DYLIB_COMPATIBILITY_VERSION = 1;
				DYLIB_CURRENT_VERSION = 1;
				DYLIB_INSTALL_NAME_BASE = "@rpath";
				INFOPLIST_FILE = FavotterAPIClient/Info.plist;
				INSTALL_PATH = "$(LOCAL_LIBRARY_DIR)/Frameworks";
				LD_RUNPATH_SEARCH_PATHS = "$(inherited) @executable_path/Frameworks @loader_path/Frameworks";
				PRODUCT_BUNDLE_IDENTIFIER = hirothings.FavotterAPIClient;
				PRODUCT_NAME = "$(TARGET_NAME:c99extidentifier)";
				SKIP_INSTALL = YES;
				SWIFT_VERSION = 4.0;
				TARGETED_DEVICE_FAMILY = "1,2";
				VERSIONING_SYSTEM = "apple-generic";
				VERSION_INFO_PREFIX = "";
			};
			name = Debug;
		};
		547592B41FE9395200C9E11E /* Release */ = {
			isa = XCBuildConfiguration;
			baseConfigurationReference = 814B5B20FF56E49F54E317D8 /* Pods-FavotterTarget-FavotterAPIClient.release.xcconfig */;
			buildSettings = {
				CODE_SIGN_IDENTITY = "";
				CODE_SIGN_STYLE = Automatic;
				CURRENT_PROJECT_VERSION = 1;
				DEFINES_MODULE = YES;
				DYLIB_COMPATIBILITY_VERSION = 1;
				DYLIB_CURRENT_VERSION = 1;
				DYLIB_INSTALL_NAME_BASE = "@rpath";
				INFOPLIST_FILE = FavotterAPIClient/Info.plist;
				INSTALL_PATH = "$(LOCAL_LIBRARY_DIR)/Frameworks";
				LD_RUNPATH_SEARCH_PATHS = "$(inherited) @executable_path/Frameworks @loader_path/Frameworks";
				PRODUCT_BUNDLE_IDENTIFIER = hirothings.FavotterAPIClient;
				PRODUCT_NAME = "$(TARGET_NAME:c99extidentifier)";
				SKIP_INSTALL = YES;
				SWIFT_VERSION = 4.0;
				TARGETED_DEVICE_FAMILY = "1,2";
				VERSIONING_SYSTEM = "apple-generic";
				VERSION_INFO_PREFIX = "";
			};
			name = Release;
		};
		54871B7C1FE931C800235B29 /* Debug */ = {
			isa = XCBuildConfiguration;
			buildSettings = {
				ALWAYS_SEARCH_USER_PATHS = NO;
				CLANG_ANALYZER_NONNULL = YES;
				CLANG_ANALYZER_NUMBER_OBJECT_CONVERSION = YES_AGGRESSIVE;
				CLANG_CXX_LANGUAGE_STANDARD = "gnu++14";
				CLANG_CXX_LIBRARY = "libc++";
				CLANG_ENABLE_MODULES = YES;
				CLANG_ENABLE_OBJC_ARC = YES;
				CLANG_WARN_BLOCK_CAPTURE_AUTORELEASING = YES;
				CLANG_WARN_BOOL_CONVERSION = YES;
				CLANG_WARN_COMMA = YES;
				CLANG_WARN_CONSTANT_CONVERSION = YES;
				CLANG_WARN_DIRECT_OBJC_ISA_USAGE = YES_ERROR;
				CLANG_WARN_DOCUMENTATION_COMMENTS = YES;
				CLANG_WARN_EMPTY_BODY = YES;
				CLANG_WARN_ENUM_CONVERSION = YES;
				CLANG_WARN_INFINITE_RECURSION = YES;
				CLANG_WARN_INT_CONVERSION = YES;
				CLANG_WARN_NON_LITERAL_NULL_CONVERSION = YES;
				CLANG_WARN_OBJC_LITERAL_CONVERSION = YES;
				CLANG_WARN_OBJC_ROOT_CLASS = YES_ERROR;
				CLANG_WARN_RANGE_LOOP_ANALYSIS = YES;
				CLANG_WARN_STRICT_PROTOTYPES = YES;
				CLANG_WARN_SUSPICIOUS_MOVE = YES;
				CLANG_WARN_UNGUARDED_AVAILABILITY = YES_AGGRESSIVE;
				CLANG_WARN_UNREACHABLE_CODE = YES;
				CLANG_WARN__DUPLICATE_METHOD_MATCH = YES;
				CODE_SIGN_IDENTITY = "iPhone Developer";
				COPY_PHASE_STRIP = NO;
				DEBUG_INFORMATION_FORMAT = dwarf;
				ENABLE_STRICT_OBJC_MSGSEND = YES;
				ENABLE_TESTABILITY = YES;
				GCC_C_LANGUAGE_STANDARD = gnu11;
				GCC_DYNAMIC_NO_PIC = NO;
				GCC_NO_COMMON_BLOCKS = YES;
				GCC_OPTIMIZATION_LEVEL = 0;
				GCC_PREPROCESSOR_DEFINITIONS = (
					"DEBUG=1",
					"$(inherited)",
				);
				GCC_WARN_64_TO_32_BIT_CONVERSION = YES;
				GCC_WARN_ABOUT_RETURN_TYPE = YES_ERROR;
				GCC_WARN_UNDECLARED_SELECTOR = YES;
				GCC_WARN_UNINITIALIZED_AUTOS = YES_AGGRESSIVE;
				GCC_WARN_UNUSED_FUNCTION = YES;
				GCC_WARN_UNUSED_VARIABLE = YES;
				IPHONEOS_DEPLOYMENT_TARGET = 11.1;
				MTL_ENABLE_DEBUG_INFO = YES;
				ONLY_ACTIVE_ARCH = YES;
				SDKROOT = iphoneos;
				SWIFT_ACTIVE_COMPILATION_CONDITIONS = DEBUG;
				SWIFT_OPTIMIZATION_LEVEL = "-Onone";
			};
			name = Debug;
		};
		54871B7D1FE931C800235B29 /* Release */ = {
			isa = XCBuildConfiguration;
			buildSettings = {
				ALWAYS_SEARCH_USER_PATHS = NO;
				CLANG_ANALYZER_NONNULL = YES;
				CLANG_ANALYZER_NUMBER_OBJECT_CONVERSION = YES_AGGRESSIVE;
				CLANG_CXX_LANGUAGE_STANDARD = "gnu++14";
				CLANG_CXX_LIBRARY = "libc++";
				CLANG_ENABLE_MODULES = YES;
				CLANG_ENABLE_OBJC_ARC = YES;
				CLANG_WARN_BLOCK_CAPTURE_AUTORELEASING = YES;
				CLANG_WARN_BOOL_CONVERSION = YES;
				CLANG_WARN_COMMA = YES;
				CLANG_WARN_CONSTANT_CONVERSION = YES;
				CLANG_WARN_DIRECT_OBJC_ISA_USAGE = YES_ERROR;
				CLANG_WARN_DOCUMENTATION_COMMENTS = YES;
				CLANG_WARN_EMPTY_BODY = YES;
				CLANG_WARN_ENUM_CONVERSION = YES;
				CLANG_WARN_INFINITE_RECURSION = YES;
				CLANG_WARN_INT_CONVERSION = YES;
				CLANG_WARN_NON_LITERAL_NULL_CONVERSION = YES;
				CLANG_WARN_OBJC_LITERAL_CONVERSION = YES;
				CLANG_WARN_OBJC_ROOT_CLASS = YES_ERROR;
				CLANG_WARN_RANGE_LOOP_ANALYSIS = YES;
				CLANG_WARN_STRICT_PROTOTYPES = YES;
				CLANG_WARN_SUSPICIOUS_MOVE = YES;
				CLANG_WARN_UNGUARDED_AVAILABILITY = YES_AGGRESSIVE;
				CLANG_WARN_UNREACHABLE_CODE = YES;
				CLANG_WARN__DUPLICATE_METHOD_MATCH = YES;
				CODE_SIGN_IDENTITY = "iPhone Developer";
				COPY_PHASE_STRIP = NO;
				DEBUG_INFORMATION_FORMAT = "dwarf-with-dsym";
				ENABLE_NS_ASSERTIONS = NO;
				ENABLE_STRICT_OBJC_MSGSEND = YES;
				GCC_C_LANGUAGE_STANDARD = gnu11;
				GCC_NO_COMMON_BLOCKS = YES;
				GCC_WARN_64_TO_32_BIT_CONVERSION = YES;
				GCC_WARN_ABOUT_RETURN_TYPE = YES_ERROR;
				GCC_WARN_UNDECLARED_SELECTOR = YES;
				GCC_WARN_UNINITIALIZED_AUTOS = YES_AGGRESSIVE;
				GCC_WARN_UNUSED_FUNCTION = YES;
				GCC_WARN_UNUSED_VARIABLE = YES;
				IPHONEOS_DEPLOYMENT_TARGET = 11.1;
				MTL_ENABLE_DEBUG_INFO = NO;
				SDKROOT = iphoneos;
				SWIFT_OPTIMIZATION_LEVEL = "-Owholemodule";
				VALIDATE_PRODUCT = YES;
			};
			name = Release;
		};
		54871B7F1FE931C800235B29 /* Debug */ = {
			isa = XCBuildConfiguration;
			baseConfigurationReference = F2CA94F6258D1B8150D27D0F /* Pods-FavotterTarget-Favotter.debug.xcconfig */;
			buildSettings = {
				ASSETCATALOG_COMPILER_APPICON_NAME = AppIcon;
				CODE_SIGN_STYLE = Automatic;
				INFOPLIST_FILE = Favotter/Info.plist;
				LD_RUNPATH_SEARCH_PATHS = "$(inherited) @executable_path/Frameworks";
				PRODUCT_BUNDLE_IDENTIFIER = hirothings.Favotter;
				PRODUCT_NAME = "$(TARGET_NAME)";
				SWIFT_VERSION = 4.0;
				TARGETED_DEVICE_FAMILY = "1,2";
			};
			name = Debug;
		};
		54871B801FE931C800235B29 /* Release */ = {
			isa = XCBuildConfiguration;
			baseConfigurationReference = B2F4D56F5A90E0372B2ABC31 /* Pods-FavotterTarget-Favotter.release.xcconfig */;
			buildSettings = {
				ASSETCATALOG_COMPILER_APPICON_NAME = AppIcon;
				CODE_SIGN_STYLE = Automatic;
				INFOPLIST_FILE = Favotter/Info.plist;
				LD_RUNPATH_SEARCH_PATHS = "$(inherited) @executable_path/Frameworks";
				PRODUCT_BUNDLE_IDENTIFIER = hirothings.Favotter;
				PRODUCT_NAME = "$(TARGET_NAME)";
				SWIFT_VERSION = 4.0;
				TARGETED_DEVICE_FAMILY = "1,2";
			};
			name = Release;
		};
		54871B821FE931C800235B29 /* Debug */ = {
			isa = XCBuildConfiguration;
			buildSettings = {
				ALWAYS_EMBED_SWIFT_STANDARD_LIBRARIES = YES;
				BUNDLE_LOADER = "$(TEST_HOST)";
				CODE_SIGN_STYLE = Automatic;
				INFOPLIST_FILE = FavotterTests/Info.plist;
				LD_RUNPATH_SEARCH_PATHS = "$(inherited) @executable_path/Frameworks @loader_path/Frameworks";
				PRODUCT_BUNDLE_IDENTIFIER = hirothings.FavotterTests;
				PRODUCT_NAME = "$(TARGET_NAME)";
				SWIFT_VERSION = 4.0;
				TARGETED_DEVICE_FAMILY = "1,2";
				TEST_HOST = "$(BUILT_PRODUCTS_DIR)/Favotter.app/Favotter";
			};
			name = Debug;
		};
		54871B831FE931C800235B29 /* Release */ = {
			isa = XCBuildConfiguration;
			buildSettings = {
				ALWAYS_EMBED_SWIFT_STANDARD_LIBRARIES = YES;
				BUNDLE_LOADER = "$(TEST_HOST)";
				CODE_SIGN_STYLE = Automatic;
				INFOPLIST_FILE = FavotterTests/Info.plist;
				LD_RUNPATH_SEARCH_PATHS = "$(inherited) @executable_path/Frameworks @loader_path/Frameworks";
				PRODUCT_BUNDLE_IDENTIFIER = hirothings.FavotterTests;
				PRODUCT_NAME = "$(TARGET_NAME)";
				SWIFT_VERSION = 4.0;
				TARGETED_DEVICE_FAMILY = "1,2";
				TEST_HOST = "$(BUILT_PRODUCTS_DIR)/Favotter.app/Favotter";
			};
			name = Release;
		};
		54871B851FE931C800235B29 /* Debug */ = {
			isa = XCBuildConfiguration;
			buildSettings = {
				ALWAYS_EMBED_SWIFT_STANDARD_LIBRARIES = YES;
				CODE_SIGN_STYLE = Automatic;
				INFOPLIST_FILE = FavotterUITests/Info.plist;
				LD_RUNPATH_SEARCH_PATHS = "$(inherited) @executable_path/Frameworks @loader_path/Frameworks";
				PRODUCT_BUNDLE_IDENTIFIER = hirothings.FavotterUITests;
				PRODUCT_NAME = "$(TARGET_NAME)";
				SWIFT_VERSION = 4.0;
				TARGETED_DEVICE_FAMILY = "1,2";
				TEST_TARGET_NAME = Favotter;
			};
			name = Debug;
		};
		54871B861FE931C800235B29 /* Release */ = {
			isa = XCBuildConfiguration;
			buildSettings = {
				ALWAYS_EMBED_SWIFT_STANDARD_LIBRARIES = YES;
				CODE_SIGN_STYLE = Automatic;
				INFOPLIST_FILE = FavotterUITests/Info.plist;
				LD_RUNPATH_SEARCH_PATHS = "$(inherited) @executable_path/Frameworks @loader_path/Frameworks";
				PRODUCT_BUNDLE_IDENTIFIER = hirothings.FavotterUITests;
				PRODUCT_NAME = "$(TARGET_NAME)";
				SWIFT_VERSION = 4.0;
				TARGETED_DEVICE_FAMILY = "1,2";
				TEST_TARGET_NAME = Favotter;
			};
			name = Release;
		};
/* End XCBuildConfiguration section */

/* Begin XCConfigurationList section */
		5475926F1FE934FF00C9E11E /* Build configuration list for PBXNativeTarget "FavotterStyle" */ = {
			isa = XCConfigurationList;
			buildConfigurations = (
				5475926D1FE934FF00C9E11E /* Debug */,
				5475926E1FE934FF00C9E11E /* Release */,
			);
			defaultConfigurationIsVisible = 0;
			defaultConfigurationName = Release;
		};
		5475927F1FE9390600C9E11E /* Build configuration list for PBXNativeTarget "FavotterModel" */ = {
			isa = XCConfigurationList;
			buildConfigurations = (
				547592801FE9390600C9E11E /* Debug */,
				547592811FE9390600C9E11E /* Release */,
			);
			defaultConfigurationIsVisible = 0;
			defaultConfigurationName = Release;
		};
		547592901FE9391700C9E11E /* Build configuration list for PBXNativeTarget "FavotterView" */ = {
			isa = XCConfigurationList;
			buildConfigurations = (
				547592911FE9391700C9E11E /* Debug */,
				547592921FE9391700C9E11E /* Release */,
			);
			defaultConfigurationIsVisible = 0;
			defaultConfigurationName = Release;
		};
		547592A11FE9393600C9E11E /* Build configuration list for PBXNativeTarget "FavotterUtill" */ = {
			isa = XCConfigurationList;
			buildConfigurations = (
				547592A21FE9393600C9E11E /* Debug */,
				547592A31FE9393600C9E11E /* Release */,
			);
			defaultConfigurationIsVisible = 0;
			defaultConfigurationName = Release;
		};
		547592B21FE9395200C9E11E /* Build configuration list for PBXNativeTarget "FavotterAPIClient" */ = {
			isa = XCConfigurationList;
			buildConfigurations = (
				547592B31FE9395200C9E11E /* Debug */,
				547592B41FE9395200C9E11E /* Release */,
			);
			defaultConfigurationIsVisible = 0;
			defaultConfigurationName = Release;
		};
		54871B511FE931C800235B29 /* Build configuration list for PBXProject "Favotter" */ = {
			isa = XCConfigurationList;
			buildConfigurations = (
				54871B7C1FE931C800235B29 /* Debug */,
				54871B7D1FE931C800235B29 /* Release */,
			);
			defaultConfigurationIsVisible = 0;
			defaultConfigurationName = Release;
		};
		54871B7E1FE931C800235B29 /* Build configuration list for PBXNativeTarget "Favotter" */ = {
			isa = XCConfigurationList;
			buildConfigurations = (
				54871B7F1FE931C800235B29 /* Debug */,
				54871B801FE931C800235B29 /* Release */,
			);
			defaultConfigurationIsVisible = 0;
			defaultConfigurationName = Release;
		};
		54871B811FE931C800235B29 /* Build configuration list for PBXNativeTarget "FavotterTests" */ = {
			isa = XCConfigurationList;
			buildConfigurations = (
				54871B821FE931C800235B29 /* Debug */,
				54871B831FE931C800235B29 /* Release */,
			);
			defaultConfigurationIsVisible = 0;
			defaultConfigurationName = Release;
		};
		54871B841FE931C800235B29 /* Build configuration list for PBXNativeTarget "FavotterUITests" */ = {
			isa = XCConfigurationList;
			buildConfigurations = (
				54871B851FE931C800235B29 /* Debug */,
				54871B861FE931C800235B29 /* Release */,
			);
			defaultConfigurationIsVisible = 0;
			defaultConfigurationName = Release;
		};
/* End XCConfigurationList section */
	};
	rootObject = 54871B4E1FE931C800235B29 /* Project object */;
}
