// !$*UTF8*$!
{
	archiveVersion = 1;
	classes = {
	};
	objectVersion = 48;
	objects = {

/* Begin PBXBuildFile section */
		5432DF6D1FFCEAF20067789A /* Assets.xcassets in Resources */ = {isa = PBXBuildFile; fileRef = 5432DF6C1FFCEAF20067789A /* Assets.xcassets */; };
		5433C70F203183330077CFC2 /* Key.plist in Resources */ = {isa = PBXBuildFile; fileRef = 5433C70E203183330077CFC2 /* Key.plist */; };
		54579EB6203E55E700C4630F /* ViperTwitterClientTest.swift in Sources */ = {isa = PBXBuildFile; fileRef = 54579EB5203E55E700C4630F /* ViperTwitterClientTest.swift */; };
		54579EBD203E55F600C4630F /* TimelinePresenterTest.swift in Sources */ = {isa = PBXBuildFile; fileRef = 54D7548620131A120015A1D7 /* TimelinePresenterTest.swift */; };
		54579EBF203E5A0100C4630F /* ErrorHandler.swift in Sources */ = {isa = PBXBuildFile; fileRef = 546FACE6203833EC00E02F40 /* ErrorHandler.swift */; };
		54579EC0203E5A0100C4630F /* TimelineInteractorOutput.swift in Sources */ = {isa = PBXBuildFile; fileRef = 546FACE82039492A00E02F40 /* TimelineInteractorOutput.swift */; };
		54579EC1203E5A0100C4630F /* ErrorableView.swift in Sources */ = {isa = PBXBuildFile; fileRef = 5433C707203173060077CFC2 /* ErrorableView.swift */; };
		54579EC2203E5A0100C4630F /* RootRouter.swift in Sources */ = {isa = PBXBuildFile; fileRef = 54DE74631FFB596F0075B77B /* RootRouter.swift */; };
		54579EC4203E5A0100C4630F /* LoginPresenter.swift in Sources */ = {isa = PBXBuildFile; fileRef = 5433C70520316E9B0077CFC2 /* LoginPresenter.swift */; };
		54579EC5203E5A0100C4630F /* LoginRouter.swift in Sources */ = {isa = PBXBuildFile; fileRef = 54DE74621FFB596F0075B77B /* LoginRouter.swift */; };
		54579EC6203E5A0100C4630F /* LoginViewController.swift in Sources */ = {isa = PBXBuildFile; fileRef = 54DE74661FFB596F0075B77B /* LoginViewController.swift */; };
		54579EC7203E5A0100C4630F /* TimelineInteractor.swift in Sources */ = {isa = PBXBuildFile; fileRef = 54DE745E1FFB596F0075B77B /* TimelineInteractor.swift */; };
		54579EC8203E5A0100C4630F /* TimelinePresenter.swift in Sources */ = {isa = PBXBuildFile; fileRef = 54DE74601FFB596F0075B77B /* TimelinePresenter.swift */; };
		54579EC9203E5A0100C4630F /* TimelineRouter.swift in Sources */ = {isa = PBXBuildFile; fileRef = 54DE74641FFB596F0075B77B /* TimelineRouter.swift */; };
		54579ECA203E5A0100C4630F /* TweetTableViewCell.swift in Sources */ = {isa = PBXBuildFile; fileRef = 54DE746D1FFB596F0075B77B /* TweetTableViewCell.swift */; };
		54579ECB203E5A0100C4630F /* TimelineViewController.swift in Sources */ = {isa = PBXBuildFile; fileRef = 54DE746F1FFB596F0075B77B /* TimelineViewController.swift */; };
		54579ECC203E5A0100C4630F /* UserTimelineInteractor.swift in Sources */ = {isa = PBXBuildFile; fileRef = U366JEZRUHQTEZJWOYO00VD6 /* UserTimelineInteractor.swift */; };
		54579ECD203E5A0100C4630F /* UserTimelinePresenter.swift in Sources */ = {isa = PBXBuildFile; fileRef = WK5CXQRJZPMFOSNJZPIMFI59 /* UserTimelinePresenter.swift */; };
		54579ECE203E5A0100C4630F /* UserTimelineRouter.swift in Sources */ = {isa = PBXBuildFile; fileRef = I18O7613EL17S5SZND0XELEU /* UserTimelineRouter.swift */; };
		54579ECF203E5A0100C4630F /* ProfileTableViewCell.swift in Sources */ = {isa = PBXBuildFile; fileRef = 54DE746B1FFB596F0075B77B /* ProfileTableViewCell.swift */; };
		54579ED0203E5A0100C4630F /* UserTimelineViewController.swift in Sources */ = {isa = PBXBuildFile; fileRef = 7O58G0L4MMQ670EVO3SNFIFD /* UserTimelineViewController.swift */; };
		54579ED1203E5A0100C4630F /* APIClient.swift in Sources */ = {isa = PBXBuildFile; fileRef = 54DE74491FFB59640075B77B /* APIClient.swift */; };
		54579ED2203E5A0100C4630F /* Tweet.swift in Sources */ = {isa = PBXBuildFile; fileRef = 54DE744B1FFB59640075B77B /* Tweet.swift */; };
		54579ED3203E5A0100C4630F /* User.swift in Sources */ = {isa = PBXBuildFile; fileRef = 54DE744C1FFB59640075B77B /* User.swift */; };
		54579ED4203E5A0100C4630F /* Media.swift in Sources */ = {isa = PBXBuildFile; fileRef = 546FACE12038058200E02F40 /* Media.swift */; };
		54579ED5203E5A0100C4630F /* TwitterAPI.swift in Sources */ = {isa = PBXBuildFile; fileRef = 54DE744F1FFB59640075B77B /* TwitterAPI.swift */; };
		54579ED6203E5A0100C4630F /* TwitterAPIError.swift in Sources */ = {isa = PBXBuildFile; fileRef = 54DE74501FFB59640075B77B /* TwitterAPIError.swift */; };
		54579ED7203E5A0100C4630F /* TwitterRequest.swift in Sources */ = {isa = PBXBuildFile; fileRef = 54DE74511FFB59640075B77B /* TwitterRequest.swift */; };
		54579ED8203E5A0100C4630F /* UIScrollView+Rx.swift in Sources */ = {isa = PBXBuildFile; fileRef = 54DD11A82007C7B80053A3D1 /* UIScrollView+Rx.swift */; };
		54579ED9203E5A0100C4630F /* KeyManager.swift in Sources */ = {isa = PBXBuildFile; fileRef = 5433C70B20317E870077CFC2 /* KeyManager.swift */; };
		54579EDB203E5A3400C4630F /* LoginViewController.storyboard in Resources */ = {isa = PBXBuildFile; fileRef = 54DE74681FFB596F0075B77B /* LoginViewController.storyboard */; };
		54579EDC203E5A3400C4630F /* TimelineViewController.storyboard in Resources */ = {isa = PBXBuildFile; fileRef = 54DE74691FFB596F0075B77B /* TimelineViewController.storyboard */; };
		54579EDD203E5A3400C4630F /* TweetTableViewCell.xib in Resources */ = {isa = PBXBuildFile; fileRef = 54DE746E1FFB596F0075B77B /* TweetTableViewCell.xib */; };
		54579EDE203E5A3400C4630F /* ProfileTableViewCell.xib in Resources */ = {isa = PBXBuildFile; fileRef = 54DE746C1FFB596F0075B77B /* ProfileTableViewCell.xib */; };
		54579EDF203E5A3400C4630F /* UserTimelineViewController.storyboard in Resources */ = {isa = PBXBuildFile; fileRef = 54DE748E1FFB73D90075B77B /* UserTimelineViewController.storyboard */; };
		54579EE1203E5B2000C4630F /* StoryBoards.swift in Sources */ = {isa = PBXBuildFile; fileRef = 54579EE0203E5B2000C4630F /* StoryBoards.swift */; };
		54DE739F1FFB58220075B77B /* AppDelegate.swift in Sources */ = {isa = PBXBuildFile; fileRef = 54DE73701FFB58220075B77B /* AppDelegate.swift */; };
		54DE73A11FFB58220075B77B /* LaunchScreen.storyboard in Resources */ = {isa = PBXBuildFile; fileRef = 54DE73721FFB58220075B77B /* LaunchScreen.storyboard */; };
		54DE74081FFB59170075B77B /* Info.plist in Resources */ = {isa = PBXBuildFile; fileRef = 54DE74031FFB59170075B77B /* Info.plist */; };
		54DE74891FFB5C240075B77B /* ViperTwitterClientUITests.swift in Sources */ = {isa = PBXBuildFile; fileRef = 54DE74021FFB59170075B77B /* ViperTwitterClientUITests.swift */; };
		C313E3E77349D1A0EC364C31 /* Pods_ViperTwitterClient.framework in Frameworks */ = {isa = PBXBuildFile; fileRef = A5B90DD9959A3BA67C26BB49 /* Pods_ViperTwitterClient.framework */; };
/* End PBXBuildFile section */

/* Begin PBXContainerItemProxy section */
		54579EB8203E55E700C4630F /* PBXContainerItemProxy */ = {
			isa = PBXContainerItemProxy;
			containerPortal = 54884C851FF6C657007DBA43 /* Project object */;
			proxyType = 1;
			remoteGlobalIDString = 54884C8C1FF6C657007DBA43;
			remoteInfo = ViperTwitterClient;
		};
		54884CA21FF6C657007DBA43 /* PBXContainerItemProxy */ = {
			isa = PBXContainerItemProxy;
			containerPortal = 54884C851FF6C657007DBA43 /* Project object */;
			proxyType = 1;
			remoteGlobalIDString = 54884C8C1FF6C657007DBA43;
			remoteInfo = Favotter;
		};
/* End PBXContainerItemProxy section */

/* Begin PBXCopyFilesBuildPhase section */
		54BDB9E51FF6C78E0038738D /* Embed Frameworks */ = {
			isa = PBXCopyFilesBuildPhase;
			buildActionMask = 2147483647;
			dstPath = "";
			dstSubfolderSpec = 10;
			files = (
			);
			name = "Embed Frameworks";
			runOnlyForDeploymentPostprocessing = 0;
		};
/* End PBXCopyFilesBuildPhase section */

/* Begin PBXFileReference section */
		08289DC455E917F62C6E6D78 /* Pods_PodsTarget_ViperTwitterClient.framework */ = {isa = PBXFileReference; explicitFileType = wrapper.framework; includeInIndex = 0; path = Pods_PodsTarget_ViperTwitterClient.framework; sourceTree = BUILT_PRODUCTS_DIR; };
		0F04F1A59FD0632EC789089F /* Pods_PodsTarget_ViperTwitterClientModules.framework */ = {isa = PBXFileReference; explicitFileType = wrapper.framework; includeInIndex = 0; path = Pods_PodsTarget_ViperTwitterClientModules.framework; sourceTree = BUILT_PRODUCTS_DIR; };
		147F8BC87BECB95F611C4BEA /* Pods-FavotterTarget-FavotterModules.release.xcconfig */ = {isa = PBXFileReference; includeInIndex = 1; lastKnownFileType = text.xcconfig; name = "Pods-FavotterTarget-FavotterModules.release.xcconfig"; path = "Pods/Target Support Files/Pods-FavotterTarget-FavotterModules/Pods-FavotterTarget-FavotterModules.release.xcconfig"; sourceTree = "<group>"; };
		1F17ECDC40492E4588C809C6 /* Pods-FavotterTarget-FavotterStyle.debug.xcconfig */ = {isa = PBXFileReference; includeInIndex = 1; lastKnownFileType = text.xcconfig; name = "Pods-FavotterTarget-FavotterStyle.debug.xcconfig"; path = "Pods/Target Support Files/Pods-FavotterTarget-FavotterStyle/Pods-FavotterTarget-FavotterStyle.debug.xcconfig"; sourceTree = "<group>"; };
		236E3855CEBDD40CC2FE613B /* Pods_FavotterTarget_FavotterStyle.framework */ = {isa = PBXFileReference; explicitFileType = wrapper.framework; includeInIndex = 0; path = Pods_FavotterTarget_FavotterStyle.framework; sourceTree = BUILT_PRODUCTS_DIR; };
		2CD2354B8DFDD22644D6885C /* Pods-PodsTarget-ViperTwitterClientModulesTests.release.xcconfig */ = {isa = PBXFileReference; includeInIndex = 1; lastKnownFileType = text.xcconfig; name = "Pods-PodsTarget-ViperTwitterClientModulesTests.release.xcconfig"; path = "Pods/Target Support Files/Pods-PodsTarget-ViperTwitterClientModulesTests/Pods-PodsTarget-ViperTwitterClientModulesTests.release.xcconfig"; sourceTree = "<group>"; };
		2D069335900EEB449E225D01 /* Pods-FavotterTarget-FavotterModel.release.xcconfig */ = {isa = PBXFileReference; includeInIndex = 1; lastKnownFileType = text.xcconfig; name = "Pods-FavotterTarget-FavotterModel.release.xcconfig"; path = "Pods/Target Support Files/Pods-FavotterTarget-FavotterModel/Pods-FavotterTarget-FavotterModel.release.xcconfig"; sourceTree = "<group>"; };
		33B63EE7883ABED48E444F3F /* Pods-FavotterTarget-FavotterView.release.xcconfig */ = {isa = PBXFileReference; includeInIndex = 1; lastKnownFileType = text.xcconfig; name = "Pods-FavotterTarget-FavotterView.release.xcconfig"; path = "Pods/Target Support Files/Pods-FavotterTarget-FavotterView/Pods-FavotterTarget-FavotterView.release.xcconfig"; sourceTree = "<group>"; };
		42C827169D87718EA3A629BE /* Pods-FavotterTarget-FavotterModulesTests.debug.xcconfig */ = {isa = PBXFileReference; includeInIndex = 1; lastKnownFileType = text.xcconfig; name = "Pods-FavotterTarget-FavotterModulesTests.debug.xcconfig"; path = "Pods/Target Support Files/Pods-FavotterTarget-FavotterModulesTests/Pods-FavotterTarget-FavotterModulesTests.debug.xcconfig"; sourceTree = "<group>"; };
		43E179BE177475BB9793DA92 /* Pods-FavotterTarget-FavotterModel.debug.xcconfig */ = {isa = PBXFileReference; includeInIndex = 1; lastKnownFileType = text.xcconfig; name = "Pods-FavotterTarget-FavotterModel.debug.xcconfig"; path = "Pods/Target Support Files/Pods-FavotterTarget-FavotterModel/Pods-FavotterTarget-FavotterModel.debug.xcconfig"; sourceTree = "<group>"; };
		46CA8725F319E126AE49CA53 /* Pods_PodsTarget_ViperTwitterClientUtill.framework */ = {isa = PBXFileReference; explicitFileType = wrapper.framework; includeInIndex = 0; path = Pods_PodsTarget_ViperTwitterClientUtill.framework; sourceTree = BUILT_PRODUCTS_DIR; };
		4A10093A5F8BED4336E0F415 /* Pods-FavotterTarget-FavotterStyle.release.xcconfig */ = {isa = PBXFileReference; includeInIndex = 1; lastKnownFileType = text.xcconfig; name = "Pods-FavotterTarget-FavotterStyle.release.xcconfig"; path = "Pods/Target Support Files/Pods-FavotterTarget-FavotterStyle/Pods-FavotterTarget-FavotterStyle.release.xcconfig"; sourceTree = "<group>"; };
		51EA557E5C1758A66718A6EE /* Pods-FavotterTarget-FavotterUtill.debug.xcconfig */ = {isa = PBXFileReference; includeInIndex = 1; lastKnownFileType = text.xcconfig; name = "Pods-FavotterTarget-FavotterUtill.debug.xcconfig"; path = "Pods/Target Support Files/Pods-FavotterTarget-FavotterUtill/Pods-FavotterTarget-FavotterUtill.debug.xcconfig"; sourceTree = "<group>"; };
		5432DF6C1FFCEAF20067789A /* Assets.xcassets */ = {isa = PBXFileReference; lastKnownFileType = folder.assetcatalog; path = Assets.xcassets; sourceTree = "<group>"; };
		5433C70520316E9B0077CFC2 /* LoginPresenter.swift */ = {isa = PBXFileReference; lastKnownFileType = sourcecode.swift; path = LoginPresenter.swift; sourceTree = "<group>"; };
		5433C707203173060077CFC2 /* ErrorableView.swift */ = {isa = PBXFileReference; lastKnownFileType = sourcecode.swift; path = ErrorableView.swift; sourceTree = "<group>"; };
		5433C70B20317E870077CFC2 /* KeyManager.swift */ = {isa = PBXFileReference; fileEncoding = 4; lastKnownFileType = sourcecode.swift; path = KeyManager.swift; sourceTree = "<group>"; };
		5433C70E203183330077CFC2 /* Key.plist */ = {isa = PBXFileReference; lastKnownFileType = text.plist.xml; path = Key.plist; sourceTree = "<group>"; };
		54579EB3203E55E700C4630F /* ViperTwitterClientTests.xctest */ = {isa = PBXFileReference; explicitFileType = wrapper.cfbundle; includeInIndex = 0; path = ViperTwitterClientTests.xctest; sourceTree = BUILT_PRODUCTS_DIR; };
		54579EB5203E55E700C4630F /* ViperTwitterClientTest.swift */ = {isa = PBXFileReference; lastKnownFileType = sourcecode.swift; path = ViperTwitterClientTest.swift; sourceTree = "<group>"; };
		54579EB7203E55E700C4630F /* Info.plist */ = {isa = PBXFileReference; lastKnownFileType = text.plist.xml; path = Info.plist; sourceTree = "<group>"; };
		54579EE0203E5B2000C4630F /* StoryBoards.swift */ = {isa = PBXFileReference; fileEncoding = 4; lastKnownFileType = sourcecode.swift; path = StoryBoards.swift; sourceTree = "<group>"; };
		546FACE12038058200E02F40 /* Media.swift */ = {isa = PBXFileReference; lastKnownFileType = sourcecode.swift; path = Media.swift; sourceTree = "<group>"; };
		546FACE6203833EC00E02F40 /* ErrorHandler.swift */ = {isa = PBXFileReference; lastKnownFileType = sourcecode.swift; path = ErrorHandler.swift; sourceTree = "<group>"; };
		546FACE82039492A00E02F40 /* TimelineInteractorOutput.swift */ = {isa = PBXFileReference; lastKnownFileType = sourcecode.swift; path = TimelineInteractorOutput.swift; sourceTree = "<group>"; };
		54884C8D1FF6C657007DBA43 /* ViperTwitterClient.app */ = {isa = PBXFileReference; explicitFileType = wrapper.application; includeInIndex = 0; path = ViperTwitterClient.app; sourceTree = BUILT_PRODUCTS_DIR; };
		54884CA11FF6C657007DBA43 /* ViperTwitterClientUITests.xctest */ = {isa = PBXFileReference; explicitFileType = wrapper.cfbundle; includeInIndex = 0; path = ViperTwitterClientUITests.xctest; sourceTree = BUILT_PRODUCTS_DIR; };
		54D7548620131A120015A1D7 /* TimelinePresenterTest.swift */ = {isa = PBXFileReference; lastKnownFileType = sourcecode.swift; path = TimelinePresenterTest.swift; sourceTree = "<group>"; };
		54DD11A82007C7B80053A3D1 /* UIScrollView+Rx.swift */ = {isa = PBXFileReference; lastKnownFileType = sourcecode.swift; path = "UIScrollView+Rx.swift"; sourceTree = "<group>"; };
		54DE73701FFB58220075B77B /* AppDelegate.swift */ = {isa = PBXFileReference; fileEncoding = 4; lastKnownFileType = sourcecode.swift; path = AppDelegate.swift; sourceTree = "<group>"; };
		54DE73731FFB58220075B77B /* Base */ = {isa = PBXFileReference; lastKnownFileType = file.storyboard; name = Base; path = Base.lproj/LaunchScreen.storyboard; sourceTree = "<group>"; };
		54DE739E1FFB58220075B77B /* Info.plist */ = {isa = PBXFileReference; fileEncoding = 4; lastKnownFileType = text.plist.xml; path = Info.plist; sourceTree = "<group>"; };
		54DE74021FFB59170075B77B /* ViperTwitterClientUITests.swift */ = {isa = PBXFileReference; fileEncoding = 4; lastKnownFileType = sourcecode.swift; path = ViperTwitterClientUITests.swift; sourceTree = "<group>"; };
		54DE74031FFB59170075B77B /* Info.plist */ = {isa = PBXFileReference; fileEncoding = 4; lastKnownFileType = text.plist.xml; path = Info.plist; sourceTree = "<group>"; };
		54DE74491FFB59640075B77B /* APIClient.swift */ = {isa = PBXFileReference; fileEncoding = 4; lastKnownFileType = sourcecode.swift; path = APIClient.swift; sourceTree = "<group>"; };
		54DE744B1FFB59640075B77B /* Tweet.swift */ = {isa = PBXFileReference; fileEncoding = 4; lastKnownFileType = sourcecode.swift; path = Tweet.swift; sourceTree = "<group>"; };
		54DE744C1FFB59640075B77B /* User.swift */ = {isa = PBXFileReference; fileEncoding = 4; lastKnownFileType = sourcecode.swift; path = User.swift; sourceTree = "<group>"; };
		54DE744F1FFB59640075B77B /* TwitterAPI.swift */ = {isa = PBXFileReference; fileEncoding = 4; lastKnownFileType = sourcecode.swift; path = TwitterAPI.swift; sourceTree = "<group>"; };
		54DE74501FFB59640075B77B /* TwitterAPIError.swift */ = {isa = PBXFileReference; fileEncoding = 4; lastKnownFileType = sourcecode.swift; path = TwitterAPIError.swift; sourceTree = "<group>"; };
		54DE74511FFB59640075B77B /* TwitterRequest.swift */ = {isa = PBXFileReference; fileEncoding = 4; lastKnownFileType = sourcecode.swift; path = TwitterRequest.swift; sourceTree = "<group>"; };
		54DE745E1FFB596F0075B77B /* TimelineInteractor.swift */ = {isa = PBXFileReference; fileEncoding = 4; lastKnownFileType = sourcecode.swift; path = TimelineInteractor.swift; sourceTree = "<group>"; };
		54DE74601FFB596F0075B77B /* TimelinePresenter.swift */ = {isa = PBXFileReference; fileEncoding = 4; lastKnownFileType = sourcecode.swift; path = TimelinePresenter.swift; sourceTree = "<group>"; };
		54DE74621FFB596F0075B77B /* LoginRouter.swift */ = {isa = PBXFileReference; fileEncoding = 4; lastKnownFileType = sourcecode.swift; path = LoginRouter.swift; sourceTree = "<group>"; };
		54DE74631FFB596F0075B77B /* RootRouter.swift */ = {isa = PBXFileReference; fileEncoding = 4; lastKnownFileType = sourcecode.swift; path = RootRouter.swift; sourceTree = "<group>"; };
		54DE74641FFB596F0075B77B /* TimelineRouter.swift */ = {isa = PBXFileReference; fileEncoding = 4; lastKnownFileType = sourcecode.swift; path = TimelineRouter.swift; sourceTree = "<group>"; };
		54DE74661FFB596F0075B77B /* LoginViewController.swift */ = {isa = PBXFileReference; fileEncoding = 4; lastKnownFileType = sourcecode.swift; path = LoginViewController.swift; sourceTree = "<group>"; };
		54DE74681FFB596F0075B77B /* LoginViewController.storyboard */ = {isa = PBXFileReference; fileEncoding = 4; lastKnownFileType = file.storyboard; path = LoginViewController.storyboard; sourceTree = "<group>"; };
		54DE74691FFB596F0075B77B /* TimelineViewController.storyboard */ = {isa = PBXFileReference; fileEncoding = 4; lastKnownFileType = file.storyboard; path = TimelineViewController.storyboard; sourceTree = "<group>"; };
		54DE746B1FFB596F0075B77B /* ProfileTableViewCell.swift */ = {isa = PBXFileReference; fileEncoding = 4; lastKnownFileType = sourcecode.swift; path = ProfileTableViewCell.swift; sourceTree = "<group>"; };
		54DE746C1FFB596F0075B77B /* ProfileTableViewCell.xib */ = {isa = PBXFileReference; fileEncoding = 4; lastKnownFileType = file.xib; path = ProfileTableViewCell.xib; sourceTree = "<group>"; };
		54DE746D1FFB596F0075B77B /* TweetTableViewCell.swift */ = {isa = PBXFileReference; fileEncoding = 4; lastKnownFileType = sourcecode.swift; path = TweetTableViewCell.swift; sourceTree = "<group>"; };
		54DE746E1FFB596F0075B77B /* TweetTableViewCell.xib */ = {isa = PBXFileReference; fileEncoding = 4; lastKnownFileType = file.xib; path = TweetTableViewCell.xib; sourceTree = "<group>"; };
		54DE746F1FFB596F0075B77B /* TimelineViewController.swift */ = {isa = PBXFileReference; fileEncoding = 4; lastKnownFileType = sourcecode.swift; path = TimelineViewController.swift; sourceTree = "<group>"; };
		54DE748E1FFB73D90075B77B /* UserTimelineViewController.storyboard */ = {isa = PBXFileReference; lastKnownFileType = file.storyboard; path = UserTimelineViewController.storyboard; sourceTree = "<group>"; };
		55299CE6D0F526F4C2665157 /* Pods_FavotterTarget_FavotterUtill.framework */ = {isa = PBXFileReference; explicitFileType = wrapper.framework; includeInIndex = 0; path = Pods_FavotterTarget_FavotterUtill.framework; sourceTree = BUILT_PRODUCTS_DIR; };
		5542D37DDD550C38D9E20F99 /* Pods_FavotterTarget_FavotterModules.framework */ = {isa = PBXFileReference; explicitFileType = wrapper.framework; includeInIndex = 0; path = Pods_FavotterTarget_FavotterModules.framework; sourceTree = BUILT_PRODUCTS_DIR; };
		59D588DA32DF5912A730495C /* Pods-FavotterTarget-FavotterUtill.release.xcconfig */ = {isa = PBXFileReference; includeInIndex = 1; lastKnownFileType = text.xcconfig; name = "Pods-FavotterTarget-FavotterUtill.release.xcconfig"; path = "Pods/Target Support Files/Pods-FavotterTarget-FavotterUtill/Pods-FavotterTarget-FavotterUtill.release.xcconfig"; sourceTree = "<group>"; };
		6051A55900D7BBB5B829B8B0 /* Pods-FavotterTarget-FavotterAPIClient.debug.xcconfig */ = {isa = PBXFileReference; includeInIndex = 1; lastKnownFileType = text.xcconfig; name = "Pods-FavotterTarget-FavotterAPIClient.debug.xcconfig"; path = "Pods/Target Support Files/Pods-FavotterTarget-FavotterAPIClient/Pods-FavotterTarget-FavotterAPIClient.debug.xcconfig"; sourceTree = "<group>"; };
		64D42B900B60F759A47ABC80 /* Pods-FavotterTarget-FavotterView.debug.xcconfig */ = {isa = PBXFileReference; includeInIndex = 1; lastKnownFileType = text.xcconfig; name = "Pods-FavotterTarget-FavotterView.debug.xcconfig"; path = "Pods/Target Support Files/Pods-FavotterTarget-FavotterView/Pods-FavotterTarget-FavotterView.debug.xcconfig"; sourceTree = "<group>"; };
		6D1BFE27C34C6C6D00A887E7 /* Pods-PodsTarget-ViperTwitterClientUtill.debug.xcconfig */ = {isa = PBXFileReference; includeInIndex = 1; lastKnownFileType = text.xcconfig; name = "Pods-PodsTarget-ViperTwitterClientUtill.debug.xcconfig"; path = "Pods/Target Support Files/Pods-PodsTarget-ViperTwitterClientUtill/Pods-PodsTarget-ViperTwitterClientUtill.debug.xcconfig"; sourceTree = "<group>"; };
		6DAE188A408B625FA59C5C18 /* Pods-FavotterTarget-Favotter.debug.xcconfig */ = {isa = PBXFileReference; includeInIndex = 1; lastKnownFileType = text.xcconfig; name = "Pods-FavotterTarget-Favotter.debug.xcconfig"; path = "Pods/Target Support Files/Pods-FavotterTarget-Favotter/Pods-FavotterTarget-Favotter.debug.xcconfig"; sourceTree = "<group>"; };
		6EAA25CB6AABF2F95A3836AD /* Pods-FavotterTarget-FavotterModules.debug.xcconfig */ = {isa = PBXFileReference; includeInIndex = 1; lastKnownFileType = text.xcconfig; name = "Pods-FavotterTarget-FavotterModules.debug.xcconfig"; path = "Pods/Target Support Files/Pods-FavotterTarget-FavotterModules/Pods-FavotterTarget-FavotterModules.debug.xcconfig"; sourceTree = "<group>"; };
		7E2DCD9B6FCE81481C1CD208 /* Pods-PodsTarget-ViperTwitterClientModules.release.xcconfig */ = {isa = PBXFileReference; includeInIndex = 1; lastKnownFileType = text.xcconfig; name = "Pods-PodsTarget-ViperTwitterClientModules.release.xcconfig"; path = "Pods/Target Support Files/Pods-PodsTarget-ViperTwitterClientModules/Pods-PodsTarget-ViperTwitterClientModules.release.xcconfig"; sourceTree = "<group>"; };
		7O58G0L4MMQ670EVO3SNFIFD /* UserTimelineViewController.swift */ = {isa = PBXFileReference; fileEncoding = 4; lastKnownFileType = sourcecode.swift; path = UserTimelineViewController.swift; sourceTree = "<group>"; };
		81B2C58C03EF7D3981BDABE4 /* Pods_FavotterTarget_Favotter.framework */ = {isa = PBXFileReference; explicitFileType = wrapper.framework; includeInIndex = 0; path = Pods_FavotterTarget_Favotter.framework; sourceTree = BUILT_PRODUCTS_DIR; };
		830DBA3AFE077F7C3511FD83 /* Pods-FavotterTarget-FavotterDomain.debug.xcconfig */ = {isa = PBXFileReference; includeInIndex = 1; lastKnownFileType = text.xcconfig; name = "Pods-FavotterTarget-FavotterDomain.debug.xcconfig"; path = "Pods/Target Support Files/Pods-FavotterTarget-FavotterDomain/Pods-FavotterTarget-FavotterDomain.debug.xcconfig"; sourceTree = "<group>"; };
		837F8E70CC08D471EF083164 /* Pods-PodsTarget-ViperTwitterClientModules.debug.xcconfig */ = {isa = PBXFileReference; includeInIndex = 1; lastKnownFileType = text.xcconfig; name = "Pods-PodsTarget-ViperTwitterClientModules.debug.xcconfig"; path = "Pods/Target Support Files/Pods-PodsTarget-ViperTwitterClientModules/Pods-PodsTarget-ViperTwitterClientModules.debug.xcconfig"; sourceTree = "<group>"; };
		89369074EEF95C6FA71ECA05 /* Pods-ViperTwitterClient.debug.xcconfig */ = {isa = PBXFileReference; includeInIndex = 1; lastKnownFileType = text.xcconfig; name = "Pods-ViperTwitterClient.debug.xcconfig"; path = "Pods/Target Support Files/Pods-ViperTwitterClient/Pods-ViperTwitterClient.debug.xcconfig"; sourceTree = "<group>"; };
		9D9B73026B5EDE75BC8EDA80 /* Pods-PodsTarget-ViperTwitterClientUtill.release.xcconfig */ = {isa = PBXFileReference; includeInIndex = 1; lastKnownFileType = text.xcconfig; name = "Pods-PodsTarget-ViperTwitterClientUtill.release.xcconfig"; path = "Pods/Target Support Files/Pods-PodsTarget-ViperTwitterClientUtill/Pods-PodsTarget-ViperTwitterClientUtill.release.xcconfig"; sourceTree = "<group>"; };
		A5B90DD9959A3BA67C26BB49 /* Pods_ViperTwitterClient.framework */ = {isa = PBXFileReference; explicitFileType = wrapper.framework; includeInIndex = 0; path = Pods_ViperTwitterClient.framework; sourceTree = BUILT_PRODUCTS_DIR; };
		AF674841685FDEFF74ED501A /* Pods_FavotterTarget_FavotterModulesTests.framework */ = {isa = PBXFileReference; explicitFileType = wrapper.framework; includeInIndex = 0; path = Pods_FavotterTarget_FavotterModulesTests.framework; sourceTree = BUILT_PRODUCTS_DIR; };
		B1B5199546F5199DB9D4DD2F /* Pods-PodsTarget-ViperTwitterClientModel.debug.xcconfig */ = {isa = PBXFileReference; includeInIndex = 1; lastKnownFileType = text.xcconfig; name = "Pods-PodsTarget-ViperTwitterClientModel.debug.xcconfig"; path = "Pods/Target Support Files/Pods-PodsTarget-ViperTwitterClientModel/Pods-PodsTarget-ViperTwitterClientModel.debug.xcconfig"; sourceTree = "<group>"; };
		B1E6BF7E21B9D80503B0A469 /* Pods-PodsTarget-ViperTwitterClientModulesTests.debug.xcconfig */ = {isa = PBXFileReference; includeInIndex = 1; lastKnownFileType = text.xcconfig; name = "Pods-PodsTarget-ViperTwitterClientModulesTests.debug.xcconfig"; path = "Pods/Target Support Files/Pods-PodsTarget-ViperTwitterClientModulesTests/Pods-PodsTarget-ViperTwitterClientModulesTests.debug.xcconfig"; sourceTree = "<group>"; };
		B9A55559C37CB41C35C84989 /* Pods_FavotterTarget_FavotterModel.framework */ = {isa = PBXFileReference; explicitFileType = wrapper.framework; includeInIndex = 0; path = Pods_FavotterTarget_FavotterModel.framework; sourceTree = BUILT_PRODUCTS_DIR; };
		C520C79E7CF6F1F4FBDD57CB /* Pods_PodsTarget_ViperTwitterClientModulesTests.framework */ = {isa = PBXFileReference; explicitFileType = wrapper.framework; includeInIndex = 0; path = Pods_PodsTarget_ViperTwitterClientModulesTests.framework; sourceTree = BUILT_PRODUCTS_DIR; };
		C6848A08B83236774B63D78E /* Pods-FavotterTarget-FavotterDomain.release.xcconfig */ = {isa = PBXFileReference; includeInIndex = 1; lastKnownFileType = text.xcconfig; name = "Pods-FavotterTarget-FavotterDomain.release.xcconfig"; path = "Pods/Target Support Files/Pods-FavotterTarget-FavotterDomain/Pods-FavotterTarget-FavotterDomain.release.xcconfig"; sourceTree = "<group>"; };
		CF2793D357D346145520B026 /* Pods-FavotterTarget-FavotterAPIClient.release.xcconfig */ = {isa = PBXFileReference; includeInIndex = 1; lastKnownFileType = text.xcconfig; name = "Pods-FavotterTarget-FavotterAPIClient.release.xcconfig"; path = "Pods/Target Support Files/Pods-FavotterTarget-FavotterAPIClient/Pods-FavotterTarget-FavotterAPIClient.release.xcconfig"; sourceTree = "<group>"; };
		D614F96AA94951FEC9D31E40 /* Pods-PodsTarget-ViperTwitterClient.debug.xcconfig */ = {isa = PBXFileReference; includeInIndex = 1; lastKnownFileType = text.xcconfig; name = "Pods-PodsTarget-ViperTwitterClient.debug.xcconfig"; path = "Pods/Target Support Files/Pods-PodsTarget-ViperTwitterClient/Pods-PodsTarget-ViperTwitterClient.debug.xcconfig"; sourceTree = "<group>"; };
		D803CDBA9B13156EEDEDD499 /* Pods_PodsTarget_ViperTwitterClientModel.framework */ = {isa = PBXFileReference; explicitFileType = wrapper.framework; includeInIndex = 0; path = Pods_PodsTarget_ViperTwitterClientModel.framework; sourceTree = BUILT_PRODUCTS_DIR; };
		DD2B6A2559B9A2A979580376 /* Pods-PodsTarget-ViperTwitterClient.release.xcconfig */ = {isa = PBXFileReference; includeInIndex = 1; lastKnownFileType = text.xcconfig; name = "Pods-PodsTarget-ViperTwitterClient.release.xcconfig"; path = "Pods/Target Support Files/Pods-PodsTarget-ViperTwitterClient/Pods-PodsTarget-ViperTwitterClient.release.xcconfig"; sourceTree = "<group>"; };
		DFB4963176E8F3CE54877FF5 /* Pods-PodsTarget-ViperTwitterClientModel.release.xcconfig */ = {isa = PBXFileReference; includeInIndex = 1; lastKnownFileType = text.xcconfig; name = "Pods-PodsTarget-ViperTwitterClientModel.release.xcconfig"; path = "Pods/Target Support Files/Pods-PodsTarget-ViperTwitterClientModel/Pods-PodsTarget-ViperTwitterClientModel.release.xcconfig"; sourceTree = "<group>"; };
		F3CC60EB6C66D626534A962A /* Pods_FavotterTarget_FavotterDomain.framework */ = {isa = PBXFileReference; explicitFileType = wrapper.framework; includeInIndex = 0; path = Pods_FavotterTarget_FavotterDomain.framework; sourceTree = BUILT_PRODUCTS_DIR; };
		F461200200D9A9C524C73732 /* Pods_FavotterTarget_FavotterView.framework */ = {isa = PBXFileReference; explicitFileType = wrapper.framework; includeInIndex = 0; path = Pods_FavotterTarget_FavotterView.framework; sourceTree = BUILT_PRODUCTS_DIR; };
		F66A32B67E3A9A42B2C48FBE /* Pods-FavotterTarget-FavotterModulesTests.release.xcconfig */ = {isa = PBXFileReference; includeInIndex = 1; lastKnownFileType = text.xcconfig; name = "Pods-FavotterTarget-FavotterModulesTests.release.xcconfig"; path = "Pods/Target Support Files/Pods-FavotterTarget-FavotterModulesTests/Pods-FavotterTarget-FavotterModulesTests.release.xcconfig"; sourceTree = "<group>"; };
		F8AEE799E0DF13E1F17AC6E5 /* Pods_FavotterTarget_FavotterAPIClient.framework */ = {isa = PBXFileReference; explicitFileType = wrapper.framework; includeInIndex = 0; path = Pods_FavotterTarget_FavotterAPIClient.framework; sourceTree = BUILT_PRODUCTS_DIR; };
		FE2376E94D6F36461F6EC86D /* Pods-FavotterTarget-Favotter.release.xcconfig */ = {isa = PBXFileReference; includeInIndex = 1; lastKnownFileType = text.xcconfig; name = "Pods-FavotterTarget-Favotter.release.xcconfig"; path = "Pods/Target Support Files/Pods-FavotterTarget-Favotter/Pods-FavotterTarget-Favotter.release.xcconfig"; sourceTree = "<group>"; };
		FFEA8DE9DF2BC87C2EDFB10A /* Pods-ViperTwitterClient.release.xcconfig */ = {isa = PBXFileReference; includeInIndex = 1; lastKnownFileType = text.xcconfig; name = "Pods-ViperTwitterClient.release.xcconfig"; path = "Pods/Target Support Files/Pods-ViperTwitterClient/Pods-ViperTwitterClient.release.xcconfig"; sourceTree = "<group>"; };
		I18O7613EL17S5SZND0XELEU /* UserTimelineRouter.swift */ = {isa = PBXFileReference; fileEncoding = 4; lastKnownFileType = sourcecode.swift; path = UserTimelineRouter.swift; sourceTree = "<group>"; };
		U366JEZRUHQTEZJWOYO00VD6 /* UserTimelineInteractor.swift */ = {isa = PBXFileReference; fileEncoding = 4; lastKnownFileType = sourcecode.swift; path = UserTimelineInteractor.swift; sourceTree = "<group>"; };
		WK5CXQRJZPMFOSNJZPIMFI59 /* UserTimelinePresenter.swift */ = {isa = PBXFileReference; fileEncoding = 4; lastKnownFileType = sourcecode.swift; path = UserTimelinePresenter.swift; sourceTree = "<group>"; };
/* End PBXFileReference section */

/* Begin PBXFrameworksBuildPhase section */
		54579EB0203E55E700C4630F /* Frameworks */ = {
			isa = PBXFrameworksBuildPhase;
			buildActionMask = 2147483647;
			files = (
			);
			runOnlyForDeploymentPostprocessing = 0;
		};
		54884C8A1FF6C657007DBA43 /* Frameworks */ = {
			isa = PBXFrameworksBuildPhase;
			buildActionMask = 2147483647;
			files = (
				C313E3E77349D1A0EC364C31 /* Pods_ViperTwitterClient.framework in Frameworks */,
			);
			runOnlyForDeploymentPostprocessing = 0;
		};
		54884C9E1FF6C657007DBA43 /* Frameworks */ = {
			isa = PBXFrameworksBuildPhase;
			buildActionMask = 2147483647;
			files = (
			);
			runOnlyForDeploymentPostprocessing = 0;
		};
/* End PBXFrameworksBuildPhase section */

/* Begin PBXGroup section */
		5424318A20001EC400B56E90 /* Generated */ = {
			isa = PBXGroup;
			children = (
				54579EE0203E5B2000C4630F /* StoryBoards.swift */,
			);
			path = Generated;
			sourceTree = "<group>";
		};
		5424318D20061B1600B56E90 /* Router */ = {
			isa = PBXGroup;
			children = (
				54DE74621FFB596F0075B77B /* LoginRouter.swift */,
			);
			path = Router;
			sourceTree = "<group>";
		};
		5432DF711FFCF52D0067789A /* StoryBoard */ = {
			isa = PBXGroup;
			children = (
				54DE748E1FFB73D90075B77B /* UserTimelineViewController.storyboard */,
			);
			path = StoryBoard;
			sourceTree = "<group>";
		};
		5432DF721FFCF53A0067789A /* TableViewCell */ = {
			isa = PBXGroup;
			children = (
				54DE746B1FFB596F0075B77B /* ProfileTableViewCell.swift */,
				54DE746C1FFB596F0075B77B /* ProfileTableViewCell.xib */,
			);
			path = TableViewCell;
			sourceTree = "<group>";
		};
		5432DF731FFCF5810067789A /* Login */ = {
			isa = PBXGroup;
			children = (
				5433C70420316E830077CFC2 /* Presenter */,
				5424318D20061B1600B56E90 /* Router */,
				5432DF741FFCF58D0067789A /* View */,
			);
			path = Login;
			sourceTree = "<group>";
		};
		5432DF741FFCF58D0067789A /* View */ = {
			isa = PBXGroup;
			children = (
				5432DF751FFCF5A20067789A /* StoryBoard */,
				54DE74661FFB596F0075B77B /* LoginViewController.swift */,
			);
			path = View;
			sourceTree = "<group>";
		};
		5432DF751FFCF5A20067789A /* StoryBoard */ = {
			isa = PBXGroup;
			children = (
				54DE74681FFB596F0075B77B /* LoginViewController.storyboard */,
			);
			path = StoryBoard;
			sourceTree = "<group>";
		};
		5433C70420316E830077CFC2 /* Presenter */ = {
			isa = PBXGroup;
			children = (
				5433C70520316E9B0077CFC2 /* LoginPresenter.swift */,
			);
			path = Presenter;
			sourceTree = "<group>";
		};
		5433C70920317CB20077CFC2 /* Contract */ = {
			isa = PBXGroup;
			children = (
				546FACE52038336000E02F40 /* Presenter */,
				5433C70A20317CBF0077CFC2 /* View */,
			);
			path = Contract;
			sourceTree = "<group>";
		};
		5433C70A20317CBF0077CFC2 /* View */ = {
			isa = PBXGroup;
			children = (
				5433C707203173060077CFC2 /* ErrorableView.swift */,
			);
			path = View;
			sourceTree = "<group>";
		};
		5433C70D20317E900077CFC2 /* Extensions */ = {
			isa = PBXGroup;
			children = (
				54DD11A82007C7B80053A3D1 /* UIScrollView+Rx.swift */,
			);
			path = Extensions;
			sourceTree = "<group>";
		};
		54579EB4203E55E700C4630F /* ViperTwitterClientTests */ = {
			isa = PBXGroup;
			children = (
				54D7548620131A120015A1D7 /* TimelinePresenterTest.swift */,
				54579EB5203E55E700C4630F /* ViperTwitterClientTest.swift */,
				54579EB7203E55E700C4630F /* Info.plist */,
			);
			path = ViperTwitterClientTests;
			sourceTree = "<group>";
		};
		54579EBE203E57CF00C4630F /* ViperTwitterClient */ = {
			isa = PBXGroup;
			children = (
				5432DF6C1FFCEAF20067789A /* Assets.xcassets */,
				54DE73701FFB58220075B77B /* AppDelegate.swift */,
				54DE73721FFB58220075B77B /* LaunchScreen.storyboard */,
				54DE739E1FFB58220075B77B /* Info.plist */,
				5433C70E203183330077CFC2 /* Key.plist */,
				54DE745A1FFB596F0075B77B /* Modules */,
				54DE74481FFB59640075B77B /* Model */,
				54DE74841FFB59890075B77B /* Utill */,
			);
			path = ViperTwitterClient;
			sourceTree = "<group>";
		};
		546FACE52038336000E02F40 /* Presenter */ = {
			isa = PBXGroup;
			children = (
				546FACE6203833EC00E02F40 /* ErrorHandler.swift */,
				546FACE82039492A00E02F40 /* TimelineInteractorOutput.swift */,
			);
			path = Presenter;
			sourceTree = "<group>";
		};
		54884C841FF6C657007DBA43 = {
			isa = PBXGroup;
			children = (
				54579EBE203E57CF00C4630F /* ViperTwitterClient */,
				54DE74011FFB59170075B77B /* ViperTwitterClientUITests */,
				54579EB4203E55E700C4630F /* ViperTwitterClientTests */,
				54884C8E1FF6C657007DBA43 /* Products */,
				FE7EF99465BC481C62272450 /* Pods */,
				C364946A864D55DC0A22FE1E /* Frameworks */,
			);
			sourceTree = "<group>";
		};
		54884C8E1FF6C657007DBA43 /* Products */ = {
			isa = PBXGroup;
			children = (
				54884C8D1FF6C657007DBA43 /* ViperTwitterClient.app */,
				54884CA11FF6C657007DBA43 /* ViperTwitterClientUITests.xctest */,
				54579EB3203E55E700C4630F /* ViperTwitterClientTests.xctest */,
			);
			name = Products;
			sourceTree = "<group>";
		};
		54DE74011FFB59170075B77B /* ViperTwitterClientUITests */ = {
			isa = PBXGroup;
			children = (
				54DE74021FFB59170075B77B /* ViperTwitterClientUITests.swift */,
				54DE74031FFB59170075B77B /* Info.plist */,
			);
			path = ViperTwitterClientUITests;
			sourceTree = "<group>";
		};
		54DE74481FFB59640075B77B /* Model */ = {
			isa = PBXGroup;
			children = (
				54DE74491FFB59640075B77B /* APIClient.swift */,
				54DE744A1FFB59640075B77B /* Entity */,
				54DE744F1FFB59640075B77B /* TwitterAPI.swift */,
				54DE74501FFB59640075B77B /* TwitterAPIError.swift */,
				54DE74511FFB59640075B77B /* TwitterRequest.swift */,
			);
			path = Model;
			sourceTree = "<group>";
		};
		54DE744A1FFB59640075B77B /* Entity */ = {
			isa = PBXGroup;
			children = (
				54DE744B1FFB59640075B77B /* Tweet.swift */,
				54DE744C1FFB59640075B77B /* User.swift */,
				546FACE12038058200E02F40 /* Media.swift */,
			);
			path = Entity;
			sourceTree = "<group>";
		};
		54DE745A1FFB596F0075B77B /* Modules */ = {
			isa = PBXGroup;
			children = (
				5433C70920317CB20077CFC2 /* Contract */,
				54DE74631FFB596F0075B77B /* RootRouter.swift */,
				5424318A20001EC400B56E90 /* Generated */,
				5432DF731FFCF5810067789A /* Login */,
				54DE748D1FFB5CF60075B77B /* Timeline */,
				AWSVVHTUZHZ6APAS3UC44W7L /* UserTimeline */,
			);
			path = Modules;
			sourceTree = "<group>";
		};
		54DE745D1FFB596F0075B77B /* Interactor */ = {
			isa = PBXGroup;
			children = (
				54DE745E1FFB596F0075B77B /* TimelineInteractor.swift */,
			);
			path = Interactor;
			sourceTree = "<group>";
		};
		54DE745F1FFB596F0075B77B /* Presenter */ = {
			isa = PBXGroup;
			children = (
				54DE74601FFB596F0075B77B /* TimelinePresenter.swift */,
			);
			path = Presenter;
			sourceTree = "<group>";
		};
		54DE74611FFB596F0075B77B /* Router */ = {
			isa = PBXGroup;
			children = (
				54DE74641FFB596F0075B77B /* TimelineRouter.swift */,
			);
			path = Router;
			sourceTree = "<group>";
		};
		54DE74651FFB596F0075B77B /* View */ = {
			isa = PBXGroup;
			children = (
				54DE74671FFB596F0075B77B /* StoryBoard */,
				54DE746A1FFB596F0075B77B /* TableViewCell */,
				54DE746F1FFB596F0075B77B /* TimelineViewController.swift */,
			);
			path = View;
			sourceTree = "<group>";
		};
		54DE74671FFB596F0075B77B /* StoryBoard */ = {
			isa = PBXGroup;
			children = (
				54DE74691FFB596F0075B77B /* TimelineViewController.storyboard */,
			);
			path = StoryBoard;
			sourceTree = "<group>";
		};
		54DE746A1FFB596F0075B77B /* TableViewCell */ = {
			isa = PBXGroup;
			children = (
				54DE746D1FFB596F0075B77B /* TweetTableViewCell.swift */,
				54DE746E1FFB596F0075B77B /* TweetTableViewCell.xib */,
			);
			path = TableViewCell;
			sourceTree = "<group>";
		};
		54DE74841FFB59890075B77B /* Utill */ = {
			isa = PBXGroup;
			children = (
				5433C70D20317E900077CFC2 /* Extensions */,
				5433C70B20317E870077CFC2 /* KeyManager.swift */,
			);
			path = Utill;
			sourceTree = "<group>";
		};
		54DE748D1FFB5CF60075B77B /* Timeline */ = {
			isa = PBXGroup;
			children = (
				54DE745D1FFB596F0075B77B /* Interactor */,
				54DE745F1FFB596F0075B77B /* Presenter */,
				54DE74611FFB596F0075B77B /* Router */,
				54DE74651FFB596F0075B77B /* View */,
			);
			path = Timeline;
			sourceTree = "<group>";
		};
		7D13OOTMOZQ5HI0C2SEUCA29 /* Presenter */ = {
			isa = PBXGroup;
			children = (
				WK5CXQRJZPMFOSNJZPIMFI59 /* UserTimelinePresenter.swift */,
			);
			path = Presenter;
			sourceTree = "<group>";
		};
		95J70FHLY88TBQI2ENIQ39LL /* Router */ = {
			isa = PBXGroup;
			children = (
				I18O7613EL17S5SZND0XELEU /* UserTimelineRouter.swift */,
			);
			path = Router;
			sourceTree = "<group>";
		};
		AWSVVHTUZHZ6APAS3UC44W7L /* UserTimeline */ = {
			isa = PBXGroup;
			children = (
				QQ3JO1WWOQMWAQ4NLWOAJBNT /* Interactor */,
				7D13OOTMOZQ5HI0C2SEUCA29 /* Presenter */,
				95J70FHLY88TBQI2ENIQ39LL /* Router */,
				Y0RYPCSIWMULDTGURW32DGTK /* View */,
			);
			path = UserTimeline;
			sourceTree = "<group>";
		};
		C364946A864D55DC0A22FE1E /* Frameworks */ = {
			isa = PBXGroup;
			children = (
				81B2C58C03EF7D3981BDABE4 /* Pods_FavotterTarget_Favotter.framework */,
				F8AEE799E0DF13E1F17AC6E5 /* Pods_FavotterTarget_FavotterAPIClient.framework */,
				B9A55559C37CB41C35C84989 /* Pods_FavotterTarget_FavotterModel.framework */,
				236E3855CEBDD40CC2FE613B /* Pods_FavotterTarget_FavotterStyle.framework */,
				55299CE6D0F526F4C2665157 /* Pods_FavotterTarget_FavotterUtill.framework */,
				F461200200D9A9C524C73732 /* Pods_FavotterTarget_FavotterView.framework */,
				F3CC60EB6C66D626534A962A /* Pods_FavotterTarget_FavotterDomain.framework */,
				5542D37DDD550C38D9E20F99 /* Pods_FavotterTarget_FavotterModules.framework */,
				AF674841685FDEFF74ED501A /* Pods_FavotterTarget_FavotterModulesTests.framework */,
				08289DC455E917F62C6E6D78 /* Pods_PodsTarget_ViperTwitterClient.framework */,
				D803CDBA9B13156EEDEDD499 /* Pods_PodsTarget_ViperTwitterClientModel.framework */,
				0F04F1A59FD0632EC789089F /* Pods_PodsTarget_ViperTwitterClientModules.framework */,
				C520C79E7CF6F1F4FBDD57CB /* Pods_PodsTarget_ViperTwitterClientModulesTests.framework */,
				46CA8725F319E126AE49CA53 /* Pods_PodsTarget_ViperTwitterClientUtill.framework */,
				A5B90DD9959A3BA67C26BB49 /* Pods_ViperTwitterClient.framework */,
			);
			name = Frameworks;
			sourceTree = "<group>";
		};
		FE7EF99465BC481C62272450 /* Pods */ = {
			isa = PBXGroup;
			children = (
				6051A55900D7BBB5B829B8B0 /* Pods-FavotterTarget-FavotterAPIClient.debug.xcconfig */,
				CF2793D357D346145520B026 /* Pods-FavotterTarget-FavotterAPIClient.release.xcconfig */,
				43E179BE177475BB9793DA92 /* Pods-FavotterTarget-FavotterModel.debug.xcconfig */,
				2D069335900EEB449E225D01 /* Pods-FavotterTarget-FavotterModel.release.xcconfig */,
				1F17ECDC40492E4588C809C6 /* Pods-FavotterTarget-FavotterStyle.debug.xcconfig */,
				4A10093A5F8BED4336E0F415 /* Pods-FavotterTarget-FavotterStyle.release.xcconfig */,
				51EA557E5C1758A66718A6EE /* Pods-FavotterTarget-FavotterUtill.debug.xcconfig */,
				59D588DA32DF5912A730495C /* Pods-FavotterTarget-FavotterUtill.release.xcconfig */,
				64D42B900B60F759A47ABC80 /* Pods-FavotterTarget-FavotterView.debug.xcconfig */,
				33B63EE7883ABED48E444F3F /* Pods-FavotterTarget-FavotterView.release.xcconfig */,
				830DBA3AFE077F7C3511FD83 /* Pods-FavotterTarget-FavotterDomain.debug.xcconfig */,
				C6848A08B83236774B63D78E /* Pods-FavotterTarget-FavotterDomain.release.xcconfig */,
				6EAA25CB6AABF2F95A3836AD /* Pods-FavotterTarget-FavotterModules.debug.xcconfig */,
				147F8BC87BECB95F611C4BEA /* Pods-FavotterTarget-FavotterModules.release.xcconfig */,
				6DAE188A408B625FA59C5C18 /* Pods-FavotterTarget-Favotter.debug.xcconfig */,
				FE2376E94D6F36461F6EC86D /* Pods-FavotterTarget-Favotter.release.xcconfig */,
				42C827169D87718EA3A629BE /* Pods-FavotterTarget-FavotterModulesTests.debug.xcconfig */,
				F66A32B67E3A9A42B2C48FBE /* Pods-FavotterTarget-FavotterModulesTests.release.xcconfig */,
				D614F96AA94951FEC9D31E40 /* Pods-PodsTarget-ViperTwitterClient.debug.xcconfig */,
				DD2B6A2559B9A2A979580376 /* Pods-PodsTarget-ViperTwitterClient.release.xcconfig */,
				B1B5199546F5199DB9D4DD2F /* Pods-PodsTarget-ViperTwitterClientModel.debug.xcconfig */,
				DFB4963176E8F3CE54877FF5 /* Pods-PodsTarget-ViperTwitterClientModel.release.xcconfig */,
				837F8E70CC08D471EF083164 /* Pods-PodsTarget-ViperTwitterClientModules.debug.xcconfig */,
				7E2DCD9B6FCE81481C1CD208 /* Pods-PodsTarget-ViperTwitterClientModules.release.xcconfig */,
				B1E6BF7E21B9D80503B0A469 /* Pods-PodsTarget-ViperTwitterClientModulesTests.debug.xcconfig */,
				2CD2354B8DFDD22644D6885C /* Pods-PodsTarget-ViperTwitterClientModulesTests.release.xcconfig */,
				6D1BFE27C34C6C6D00A887E7 /* Pods-PodsTarget-ViperTwitterClientUtill.debug.xcconfig */,
				9D9B73026B5EDE75BC8EDA80 /* Pods-PodsTarget-ViperTwitterClientUtill.release.xcconfig */,
				89369074EEF95C6FA71ECA05 /* Pods-ViperTwitterClient.debug.xcconfig */,
				FFEA8DE9DF2BC87C2EDFB10A /* Pods-ViperTwitterClient.release.xcconfig */,
			);
			name = Pods;
			sourceTree = "<group>";
		};
		QQ3JO1WWOQMWAQ4NLWOAJBNT /* Interactor */ = {
			isa = PBXGroup;
			children = (
				U366JEZRUHQTEZJWOYO00VD6 /* UserTimelineInteractor.swift */,
			);
			path = Interactor;
			sourceTree = "<group>";
		};
		Y0RYPCSIWMULDTGURW32DGTK /* View */ = {
			isa = PBXGroup;
			children = (
				5432DF721FFCF53A0067789A /* TableViewCell */,
				5432DF711FFCF52D0067789A /* StoryBoard */,
				7O58G0L4MMQ670EVO3SNFIFD /* UserTimelineViewController.swift */,
			);
			path = View;
			sourceTree = "<group>";
		};
/* End PBXGroup section */

/* Begin PBXNativeTarget section */
		54579EB2203E55E700C4630F /* ViperTwitterClientTests */ = {
			isa = PBXNativeTarget;
			buildConfigurationList = 54579EBA203E55E700C4630F /* Build configuration list for PBXNativeTarget "ViperTwitterClientTests" */;
			buildPhases = (
				54579EAF203E55E700C4630F /* Sources */,
				54579EB0203E55E700C4630F /* Frameworks */,
				54579EB1203E55E700C4630F /* Resources */,
			);
			buildRules = (
			);
			dependencies = (
				54579EB9203E55E700C4630F /* PBXTargetDependency */,
			);
			name = ViperTwitterClientTests;
			productName = ViperTwitterClientTest;
			productReference = 54579EB3203E55E700C4630F /* ViperTwitterClientTests.xctest */;
			productType = "com.apple.product-type.bundle.unit-test";
		};
		54884C8C1FF6C657007DBA43 /* ViperTwitterClient */ = {
			isa = PBXNativeTarget;
			buildConfigurationList = 54884CAA1FF6C657007DBA43 /* Build configuration list for PBXNativeTarget "ViperTwitterClient" */;
			buildPhases = (
				E6E24DAB994E4E17DB986A1F /* [CP] Check Pods Manifest.lock */,
				54884C891FF6C657007DBA43 /* Sources */,
				54884C8A1FF6C657007DBA43 /* Frameworks */,
				54884C8B1FF6C657007DBA43 /* Resources */,
				54BDB9E51FF6C78E0038738D /* Embed Frameworks */,
				AF03BAD0481D98E44EFB3465 /* [CP] Embed Pods Frameworks */,
				F269623FBA5E9908BA72A02D /* [CP] Copy Pods Resources */,
				5432DF611FFB9F290067789A /* ShellScript */,
			);
			buildRules = (
			);
			dependencies = (
			);
			name = ViperTwitterClient;
			productName = Favotter;
			productReference = 54884C8D1FF6C657007DBA43 /* ViperTwitterClient.app */;
			productType = "com.apple.product-type.application";
		};
		54884CA01FF6C657007DBA43 /* ViperTwitterClientUITests */ = {
			isa = PBXNativeTarget;
			buildConfigurationList = 54884CAD1FF6C657007DBA43 /* Build configuration list for PBXNativeTarget "ViperTwitterClientUITests" */;
			buildPhases = (
				54884C9D1FF6C657007DBA43 /* Sources */,
				54884C9E1FF6C657007DBA43 /* Frameworks */,
				54884C9F1FF6C657007DBA43 /* Resources */,
			);
			buildRules = (
			);
			dependencies = (
				54884CA31FF6C657007DBA43 /* PBXTargetDependency */,
			);
			name = ViperTwitterClientUITests;
			productName = FavotterUITests;
			productReference = 54884CA11FF6C657007DBA43 /* ViperTwitterClientUITests.xctest */;
			productType = "com.apple.product-type.bundle.ui-testing";
		};
/* End PBXNativeTarget section */

/* Begin PBXProject section */
		54884C851FF6C657007DBA43 /* Project object */ = {
			isa = PBXProject;
			attributes = {
				LastSwiftUpdateCheck = 0920;
				LastUpgradeCheck = 0920;
				ORGANIZATIONNAME = hirothings;
				TargetAttributes = {
					54579EB2203E55E700C4630F = {
						CreatedOnToolsVersion = 9.2;
						ProvisioningStyle = Automatic;
						TestTargetID = 54884C8C1FF6C657007DBA43;
					};
					54884C8C1FF6C657007DBA43 = {
						CreatedOnToolsVersion = 9.1;
						ProvisioningStyle = Automatic;
					};
					54884CA01FF6C657007DBA43 = {
						CreatedOnToolsVersion = 9.1;
						ProvisioningStyle = Automatic;
						TestTargetID = 54884C8C1FF6C657007DBA43;
					};
				};
			};
			buildConfigurationList = 54884C881FF6C657007DBA43 /* Build configuration list for PBXProject "ViperTwitterClient" */;
			compatibilityVersion = "Xcode 8.0";
			developmentRegion = en;
			hasScannedForEncodings = 0;
			knownRegions = (
				en,
				Base,
			);
			mainGroup = 54884C841FF6C657007DBA43;
			productRefGroup = 54884C8E1FF6C657007DBA43 /* Products */;
			projectDirPath = "";
			projectRoot = "";
			targets = (
				54884C8C1FF6C657007DBA43 /* ViperTwitterClient */,
				54884CA01FF6C657007DBA43 /* ViperTwitterClientUITests */,
				54579EB2203E55E700C4630F /* ViperTwitterClientTests */,
			);
		};
/* End PBXProject section */

/* Begin PBXResourcesBuildPhase section */
		54579EB1203E55E700C4630F /* Resources */ = {
			isa = PBXResourcesBuildPhase;
			buildActionMask = 2147483647;
			files = (
			);
			runOnlyForDeploymentPostprocessing = 0;
		};
		54884C8B1FF6C657007DBA43 /* Resources */ = {
			isa = PBXResourcesBuildPhase;
			buildActionMask = 2147483647;
			files = (
				54579EDB203E5A3400C4630F /* LoginViewController.storyboard in Resources */,
				54579EDC203E5A3400C4630F /* TimelineViewController.storyboard in Resources */,
				54579EDD203E5A3400C4630F /* TweetTableViewCell.xib in Resources */,
				54579EDE203E5A3400C4630F /* ProfileTableViewCell.xib in Resources */,
				54579EDF203E5A3400C4630F /* UserTimelineViewController.storyboard in Resources */,
				54DE74081FFB59170075B77B /* Info.plist in Resources */,
				54DE73A11FFB58220075B77B /* LaunchScreen.storyboard in Resources */,
				5432DF6D1FFCEAF20067789A /* Assets.xcassets in Resources */,
				5433C70F203183330077CFC2 /* Key.plist in Resources */,
			);
			runOnlyForDeploymentPostprocessing = 0;
		};
		54884C9F1FF6C657007DBA43 /* Resources */ = {
			isa = PBXResourcesBuildPhase;
			buildActionMask = 2147483647;
			files = (
			);
			runOnlyForDeploymentPostprocessing = 0;
		};
/* End PBXResourcesBuildPhase section */

/* Begin PBXShellScriptBuildPhase section */
		5432DF611FFB9F290067789A /* ShellScript */ = {
			isa = PBXShellScriptBuildPhase;
			buildActionMask = 2147483647;
			files = (
			);
			inputPaths = (
			);
			outputPaths = (
			);
			runOnlyForDeploymentPostprocessing = 0;
			shellPath = /bin/sh;
			shellScript = "\"${PODS_ROOT}/SwiftLint/swiftlint\"";
		};
		AF03BAD0481D98E44EFB3465 /* [CP] Embed Pods Frameworks */ = {
			isa = PBXShellScriptBuildPhase;
			buildActionMask = 2147483647;
			files = (
			);
			inputPaths = (
				"${SRCROOT}/Pods/Target Support Files/Pods-ViperTwitterClient/Pods-ViperTwitterClient-frameworks.sh",
				"${BUILT_PRODUCTS_DIR}/Nuke/Nuke.framework",
				"${BUILT_PRODUCTS_DIR}/Reusable/Reusable.framework",
				"${BUILT_PRODUCTS_DIR}/RxCocoa/RxCocoa.framework",
				"${BUILT_PRODUCTS_DIR}/RxSwift/RxSwift.framework",
				"${BUILT_PRODUCTS_DIR}/SnapKit/SnapKit.framework",
				"${PODS_ROOT}/TwitterCore/iOS/TwitterCore.framework",
				"${PODS_ROOT}/TwitterKit/iOS/TwitterKit.framework",
			);
			name = "[CP] Embed Pods Frameworks";
			outputPaths = (
				"${TARGET_BUILD_DIR}/${FRAMEWORKS_FOLDER_PATH}/Nuke.framework",
				"${TARGET_BUILD_DIR}/${FRAMEWORKS_FOLDER_PATH}/Reusable.framework",
				"${TARGET_BUILD_DIR}/${FRAMEWORKS_FOLDER_PATH}/RxCocoa.framework",
				"${TARGET_BUILD_DIR}/${FRAMEWORKS_FOLDER_PATH}/RxSwift.framework",
				"${TARGET_BUILD_DIR}/${FRAMEWORKS_FOLDER_PATH}/SnapKit.framework",
				"${TARGET_BUILD_DIR}/${FRAMEWORKS_FOLDER_PATH}/TwitterCore.framework",
				"${TARGET_BUILD_DIR}/${FRAMEWORKS_FOLDER_PATH}/TwitterKit.framework",
			);
			runOnlyForDeploymentPostprocessing = 0;
			shellPath = /bin/sh;
			shellScript = "\"${SRCROOT}/Pods/Target Support Files/Pods-ViperTwitterClient/Pods-ViperTwitterClient-frameworks.sh\"\n";
			showEnvVarsInLog = 0;
		};
		E6E24DAB994E4E17DB986A1F /* [CP] Check Pods Manifest.lock */ = {
			isa = PBXShellScriptBuildPhase;
			buildActionMask = 2147483647;
			files = (
			);
			inputPaths = (
				"${PODS_PODFILE_DIR_PATH}/Podfile.lock",
				"${PODS_ROOT}/Manifest.lock",
			);
			name = "[CP] Check Pods Manifest.lock";
			outputPaths = (
				"$(DERIVED_FILE_DIR)/Pods-ViperTwitterClient-checkManifestLockResult.txt",
			);
			runOnlyForDeploymentPostprocessing = 0;
			shellPath = /bin/sh;
			shellScript = "diff \"${PODS_PODFILE_DIR_PATH}/Podfile.lock\" \"${PODS_ROOT}/Manifest.lock\" > /dev/null\nif [ $? != 0 ] ; then\n    # print error to STDERR\n    echo \"error: The sandbox is not in sync with the Podfile.lock. Run 'pod install' or update your CocoaPods installation.\" >&2\n    exit 1\nfi\n# This output is used by Xcode 'outputs' to avoid re-running this script phase.\necho \"SUCCESS\" > \"${SCRIPT_OUTPUT_FILE_0}\"\n";
			showEnvVarsInLog = 0;
		};
		F269623FBA5E9908BA72A02D /* [CP] Copy Pods Resources */ = {
			isa = PBXShellScriptBuildPhase;
			buildActionMask = 2147483647;
			files = (
			);
			inputPaths = (
				"${SRCROOT}/Pods/Target Support Files/Pods-ViperTwitterClient/Pods-ViperTwitterClient-resources.sh",
				"${PODS_ROOT}/TwitterKit/iOS/TwitterKit.framework/TwitterKitResources.bundle",
				"${PODS_ROOT}/TwitterKit/iOS/TwitterKit.framework/TwitterShareExtensionUIResources.bundle",
			);
			name = "[CP] Copy Pods Resources";
			outputPaths = (
				"${TARGET_BUILD_DIR}/${UNLOCALIZED_RESOURCES_FOLDER_PATH}",
			);
			runOnlyForDeploymentPostprocessing = 0;
			shellPath = /bin/sh;
			shellScript = "\"${SRCROOT}/Pods/Target Support Files/Pods-ViperTwitterClient/Pods-ViperTwitterClient-resources.sh\"\n";
			showEnvVarsInLog = 0;
		};
/* End PBXShellScriptBuildPhase section */

/* Begin PBXSourcesBuildPhase section */
		54579EAF203E55E700C4630F /* Sources */ = {
			isa = PBXSourcesBuildPhase;
			buildActionMask = 2147483647;
			files = (
				54579EB6203E55E700C4630F /* ViperTwitterClientTest.swift in Sources */,
				54579EBD203E55F600C4630F /* TimelinePresenterTest.swift in Sources */,
			);
			runOnlyForDeploymentPostprocessing = 0;
		};
		54884C891FF6C657007DBA43 /* Sources */ = {
			isa = PBXSourcesBuildPhase;
			buildActionMask = 2147483647;
			files = (
				54579EBF203E5A0100C4630F /* ErrorHandler.swift in Sources */,
				54579EC0203E5A0100C4630F /* TimelineInteractorOutput.swift in Sources */,
				54579EC1203E5A0100C4630F /* ErrorableView.swift in Sources */,
				54579EC2203E5A0100C4630F /* RootRouter.swift in Sources */,
				54579EC4203E5A0100C4630F /* LoginPresenter.swift in Sources */,
				54579EC5203E5A0100C4630F /* LoginRouter.swift in Sources */,
				54579EC6203E5A0100C4630F /* LoginViewController.swift in Sources */,
				54579EC7203E5A0100C4630F /* TimelineInteractor.swift in Sources */,
				54579EE1203E5B2000C4630F /* StoryBoards.swift in Sources */,
				54579EC8203E5A0100C4630F /* TimelinePresenter.swift in Sources */,
				54579EC9203E5A0100C4630F /* TimelineRouter.swift in Sources */,
				54579ECA203E5A0100C4630F /* TweetTableViewCell.swift in Sources */,
				54579ECB203E5A0100C4630F /* TimelineViewController.swift in Sources */,
				54579ECC203E5A0100C4630F /* UserTimelineInteractor.swift in Sources */,
				54579ECD203E5A0100C4630F /* UserTimelinePresenter.swift in Sources */,
				54579ECE203E5A0100C4630F /* UserTimelineRouter.swift in Sources */,
				54579ECF203E5A0100C4630F /* ProfileTableViewCell.swift in Sources */,
				54579ED0203E5A0100C4630F /* UserTimelineViewController.swift in Sources */,
				54579ED1203E5A0100C4630F /* APIClient.swift in Sources */,
				54579ED2203E5A0100C4630F /* Tweet.swift in Sources */,
				54579ED3203E5A0100C4630F /* User.swift in Sources */,
				54579ED4203E5A0100C4630F /* Media.swift in Sources */,
				54579ED5203E5A0100C4630F /* TwitterAPI.swift in Sources */,
				54579ED6203E5A0100C4630F /* TwitterAPIError.swift in Sources */,
				54579ED7203E5A0100C4630F /* TwitterRequest.swift in Sources */,
				54579ED8203E5A0100C4630F /* UIScrollView+Rx.swift in Sources */,
				54579ED9203E5A0100C4630F /* KeyManager.swift in Sources */,
				54DE739F1FFB58220075B77B /* AppDelegate.swift in Sources */,
			);
			runOnlyForDeploymentPostprocessing = 0;
		};
		54884C9D1FF6C657007DBA43 /* Sources */ = {
			isa = PBXSourcesBuildPhase;
			buildActionMask = 2147483647;
			files = (
				54DE74891FFB5C240075B77B /* ViperTwitterClientUITests.swift in Sources */,
			);
			runOnlyForDeploymentPostprocessing = 0;
		};
/* End PBXSourcesBuildPhase section */

/* Begin PBXTargetDependency section */
		54579EB9203E55E700C4630F /* PBXTargetDependency */ = {
			isa = PBXTargetDependency;
			target = 54884C8C1FF6C657007DBA43 /* ViperTwitterClient */;
			targetProxy = 54579EB8203E55E700C4630F /* PBXContainerItemProxy */;
		};
		54884CA31FF6C657007DBA43 /* PBXTargetDependency */ = {
			isa = PBXTargetDependency;
			target = 54884C8C1FF6C657007DBA43 /* ViperTwitterClient */;
			targetProxy = 54884CA21FF6C657007DBA43 /* PBXContainerItemProxy */;
		};
/* End PBXTargetDependency section */

/* Begin PBXVariantGroup section */
		54DE73721FFB58220075B77B /* LaunchScreen.storyboard */ = {
			isa = PBXVariantGroup;
			children = (
				54DE73731FFB58220075B77B /* Base */,
			);
			name = LaunchScreen.storyboard;
			sourceTree = "<group>";
		};
/* End PBXVariantGroup section */

/* Begin XCBuildConfiguration section */
		54579EBB203E55E700C4630F /* Debug */ = {
			isa = XCBuildConfiguration;
			buildSettings = {
				BUNDLE_LOADER = "$(TEST_HOST)";
				CODE_SIGN_STYLE = Automatic;
				DEVELOPMENT_TEAM = G6788ACX5G;
				INFOPLIST_FILE = ViperTwitterClientTest/Info.plist;
				IPHONEOS_DEPLOYMENT_TARGET = 11.2;
				LD_RUNPATH_SEARCH_PATHS = "$(inherited) @executable_path/Frameworks @loader_path/Frameworks";
				PRODUCT_BUNDLE_IDENTIFIER = hirothings.ViperTwitterClientTest;
				PRODUCT_NAME = "$(TARGET_NAME)";
				SWIFT_VERSION = 4.0;
				TARGETED_DEVICE_FAMILY = "1,2";
				TEST_HOST = "$(BUILT_PRODUCTS_DIR)/ViperTwitterClient.app/ViperTwitterClient";
			};
			name = Debug;
		};
		54579EBC203E55E700C4630F /* Release */ = {
			isa = XCBuildConfiguration;
			buildSettings = {
				BUNDLE_LOADER = "$(TEST_HOST)";
				CODE_SIGN_STYLE = Automatic;
				DEVELOPMENT_TEAM = G6788ACX5G;
				INFOPLIST_FILE = ViperTwitterClientTest/Info.plist;
				IPHONEOS_DEPLOYMENT_TARGET = 11.2;
				LD_RUNPATH_SEARCH_PATHS = "$(inherited) @executable_path/Frameworks @loader_path/Frameworks";
				PRODUCT_BUNDLE_IDENTIFIER = hirothings.ViperTwitterClientTest;
				PRODUCT_NAME = "$(TARGET_NAME)";
				SWIFT_VERSION = 4.0;
				TARGETED_DEVICE_FAMILY = "1,2";
				TEST_HOST = "$(BUILT_PRODUCTS_DIR)/ViperTwitterClient.app/ViperTwitterClient";
			};
			name = Release;
		};
		54884CA81FF6C657007DBA43 /* Debug */ = {
			isa = XCBuildConfiguration;
			buildSettings = {
				ALWAYS_SEARCH_USER_PATHS = NO;
				CLANG_ANALYZER_NONNULL = YES;
				CLANG_ANALYZER_NUMBER_OBJECT_CONVERSION = YES_AGGRESSIVE;
				CLANG_CXX_LANGUAGE_STANDARD = "gnu++14";
				CLANG_CXX_LIBRARY = "libc++";
				CLANG_ENABLE_MODULES = YES;
				CLANG_ENABLE_OBJC_ARC = YES;
				CLANG_WARN_BLOCK_CAPTURE_AUTORELEASING = YES;
				CLANG_WARN_BOOL_CONVERSION = YES;
				CLANG_WARN_COMMA = YES;
				CLANG_WARN_CONSTANT_CONVERSION = YES;
				CLANG_WARN_DIRECT_OBJC_ISA_USAGE = YES_ERROR;
				CLANG_WARN_DOCUMENTATION_COMMENTS = YES;
				CLANG_WARN_EMPTY_BODY = YES;
				CLANG_WARN_ENUM_CONVERSION = YES;
				CLANG_WARN_INFINITE_RECURSION = YES;
				CLANG_WARN_INT_CONVERSION = YES;
				CLANG_WARN_NON_LITERAL_NULL_CONVERSION = YES;
				CLANG_WARN_OBJC_LITERAL_CONVERSION = YES;
				CLANG_WARN_OBJC_ROOT_CLASS = YES_ERROR;
				CLANG_WARN_RANGE_LOOP_ANALYSIS = YES;
				CLANG_WARN_STRICT_PROTOTYPES = YES;
				CLANG_WARN_SUSPICIOUS_MOVE = YES;
				CLANG_WARN_UNGUARDED_AVAILABILITY = YES_AGGRESSIVE;
				CLANG_WARN_UNREACHABLE_CODE = YES;
				CLANG_WARN__DUPLICATE_METHOD_MATCH = YES;
				CODE_SIGN_IDENTITY = "iPhone Developer";
				COPY_PHASE_STRIP = NO;
				DEBUG_INFORMATION_FORMAT = dwarf;
				ENABLE_STRICT_OBJC_MSGSEND = YES;
				ENABLE_TESTABILITY = YES;
				GCC_C_LANGUAGE_STANDARD = gnu11;
				GCC_DYNAMIC_NO_PIC = NO;
				GCC_NO_COMMON_BLOCKS = YES;
				GCC_OPTIMIZATION_LEVEL = 0;
				GCC_PREPROCESSOR_DEFINITIONS = (
					"DEBUG=1",
					"$(inherited)",
				);
				GCC_WARN_64_TO_32_BIT_CONVERSION = YES;
				GCC_WARN_ABOUT_RETURN_TYPE = YES_ERROR;
				GCC_WARN_UNDECLARED_SELECTOR = YES;
				GCC_WARN_UNINITIALIZED_AUTOS = YES_AGGRESSIVE;
				GCC_WARN_UNUSED_FUNCTION = YES;
				GCC_WARN_UNUSED_VARIABLE = YES;
				IPHONEOS_DEPLOYMENT_TARGET = 11.1;
				MTL_ENABLE_DEBUG_INFO = YES;
				ONLY_ACTIVE_ARCH = YES;
				SDKROOT = iphoneos;
				SWIFT_ACTIVE_COMPILATION_CONDITIONS = DEBUG;
				SWIFT_OPTIMIZATION_LEVEL = "-Onone";
			};
			name = Debug;
		};
		54884CA91FF6C657007DBA43 /* Release */ = {
			isa = XCBuildConfiguration;
			buildSettings = {
				ALWAYS_SEARCH_USER_PATHS = NO;
				CLANG_ANALYZER_NONNULL = YES;
				CLANG_ANALYZER_NUMBER_OBJECT_CONVERSION = YES_AGGRESSIVE;
				CLANG_CXX_LANGUAGE_STANDARD = "gnu++14";
				CLANG_CXX_LIBRARY = "libc++";
				CLANG_ENABLE_MODULES = YES;
				CLANG_ENABLE_OBJC_ARC = YES;
				CLANG_WARN_BLOCK_CAPTURE_AUTORELEASING = YES;
				CLANG_WARN_BOOL_CONVERSION = YES;
				CLANG_WARN_COMMA = YES;
				CLANG_WARN_CONSTANT_CONVERSION = YES;
				CLANG_WARN_DIRECT_OBJC_ISA_USAGE = YES_ERROR;
				CLANG_WARN_DOCUMENTATION_COMMENTS = YES;
				CLANG_WARN_EMPTY_BODY = YES;
				CLANG_WARN_ENUM_CONVERSION = YES;
				CLANG_WARN_INFINITE_RECURSION = YES;
				CLANG_WARN_INT_CONVERSION = YES;
				CLANG_WARN_NON_LITERAL_NULL_CONVERSION = YES;
				CLANG_WARN_OBJC_LITERAL_CONVERSION = YES;
				CLANG_WARN_OBJC_ROOT_CLASS = YES_ERROR;
				CLANG_WARN_RANGE_LOOP_ANALYSIS = YES;
				CLANG_WARN_STRICT_PROTOTYPES = YES;
				CLANG_WARN_SUSPICIOUS_MOVE = YES;
				CLANG_WARN_UNGUARDED_AVAILABILITY = YES_AGGRESSIVE;
				CLANG_WARN_UNREACHABLE_CODE = YES;
				CLANG_WARN__DUPLICATE_METHOD_MATCH = YES;
				CODE_SIGN_IDENTITY = "iPhone Developer";
				COPY_PHASE_STRIP = NO;
				DEBUG_INFORMATION_FORMAT = "dwarf-with-dsym";
				ENABLE_NS_ASSERTIONS = NO;
				ENABLE_STRICT_OBJC_MSGSEND = YES;
				GCC_C_LANGUAGE_STANDARD = gnu11;
				GCC_NO_COMMON_BLOCKS = YES;
				GCC_WARN_64_TO_32_BIT_CONVERSION = YES;
				GCC_WARN_ABOUT_RETURN_TYPE = YES_ERROR;
				GCC_WARN_UNDECLARED_SELECTOR = YES;
				GCC_WARN_UNINITIALIZED_AUTOS = YES_AGGRESSIVE;
				GCC_WARN_UNUSED_FUNCTION = YES;
				GCC_WARN_UNUSED_VARIABLE = YES;
				IPHONEOS_DEPLOYMENT_TARGET = 11.1;
				MTL_ENABLE_DEBUG_INFO = NO;
				SDKROOT = iphoneos;
				SWIFT_OPTIMIZATION_LEVEL = "-Owholemodule";
				VALIDATE_PRODUCT = YES;
			};
			name = Release;
		};
		54884CAB1FF6C657007DBA43 /* Debug */ = {
			isa = XCBuildConfiguration;
			baseConfigurationReference = 89369074EEF95C6FA71ECA05 /* Pods-ViperTwitterClient.debug.xcconfig */;
			buildSettings = {
				ALWAYS_EMBED_SWIFT_STANDARD_LIBRARIES = YES;
				ASSETCATALOG_COMPILER_APPICON_NAME = AppIcon;
				CODE_SIGN_STYLE = Automatic;
				DEVELOPMENT_TEAM = G6788ACX5G;
				INFOPLIST_FILE = ViperTwitterClient/Info.plist;
				LD_RUNPATH_SEARCH_PATHS = "$(inherited) @executable_path/Frameworks";
				PRODUCT_BUNDLE_IDENTIFIER = hirothings.ViperTwitterClient;
				PRODUCT_NAME = "$(TARGET_NAME)";
				SWIFT_VERSION = 4.0;
				TARGETED_DEVICE_FAMILY = "1,2";
			};
			name = Debug;
		};
		54884CAC1FF6C657007DBA43 /* Release */ = {
			isa = XCBuildConfiguration;
			baseConfigurationReference = FFEA8DE9DF2BC87C2EDFB10A /* Pods-ViperTwitterClient.release.xcconfig */;
			buildSettings = {
				ALWAYS_EMBED_SWIFT_STANDARD_LIBRARIES = YES;
				ASSETCATALOG_COMPILER_APPICON_NAME = AppIcon;
				CODE_SIGN_STYLE = Automatic;
				DEVELOPMENT_TEAM = G6788ACX5G;
				INFOPLIST_FILE = ViperTwitterClient/Info.plist;
				LD_RUNPATH_SEARCH_PATHS = "$(inherited) @executable_path/Frameworks";
				PRODUCT_BUNDLE_IDENTIFIER = hirothings.ViperTwitterClient;
				PRODUCT_NAME = "$(TARGET_NAME)";
				SWIFT_VERSION = 4.0;
				TARGETED_DEVICE_FAMILY = "1,2";
			};
			name = Release;
		};
		54884CAE1FF6C657007DBA43 /* Debug */ = {
			isa = XCBuildConfiguration;
			buildSettings = {
				ALWAYS_EMBED_SWIFT_STANDARD_LIBRARIES = YES;
				CODE_SIGN_STYLE = Automatic;
				INFOPLIST_FILE = ViperTwitterClientUITests/Info.plist;
				LD_RUNPATH_SEARCH_PATHS = "$(inherited) @executable_path/Frameworks @loader_path/Frameworks";
				PRODUCT_BUNDLE_IDENTIFIER = hirothings.ViperTwitterClientUITests;
				PRODUCT_NAME = "$(TARGET_NAME)";
				SWIFT_VERSION = 4.0;
				TARGETED_DEVICE_FAMILY = "1,2";
				TEST_TARGET_NAME = ViperTwitterClient;
			};
			name = Debug;
		};
		54884CAF1FF6C657007DBA43 /* Release */ = {
			isa = XCBuildConfiguration;
			buildSettings = {
				ALWAYS_EMBED_SWIFT_STANDARD_LIBRARIES = YES;
				CODE_SIGN_STYLE = Automatic;
				INFOPLIST_FILE = ViperTwitterClientUITests/Info.plist;
				LD_RUNPATH_SEARCH_PATHS = "$(inherited) @executable_path/Frameworks @loader_path/Frameworks";
				PRODUCT_BUNDLE_IDENTIFIER = hirothings.ViperTwitterClientUITests;
				PRODUCT_NAME = "$(TARGET_NAME)";
				SWIFT_VERSION = 4.0;
				TARGETED_DEVICE_FAMILY = "1,2";
				TEST_TARGET_NAME = ViperTwitterClient;
			};
			name = Release;
		};
/* End XCBuildConfiguration section */

/* Begin XCConfigurationList section */
		54579EBA203E55E700C4630F /* Build configuration list for PBXNativeTarget "ViperTwitterClientTests" */ = {
			isa = XCConfigurationList;
			buildConfigurations = (
				54579EBB203E55E700C4630F /* Debug */,
				54579EBC203E55E700C4630F /* Release */,
			);
			defaultConfigurationIsVisible = 0;
			defaultConfigurationName = Release;
		};
		54884C881FF6C657007DBA43 /* Build configuration list for PBXProject "ViperTwitterClient" */ = {
			isa = XCConfigurationList;
			buildConfigurations = (
				54884CA81FF6C657007DBA43 /* Debug */,
				54884CA91FF6C657007DBA43 /* Release */,
			);
			defaultConfigurationIsVisible = 0;
			defaultConfigurationName = Release;
		};
		54884CAA1FF6C657007DBA43 /* Build configuration list for PBXNativeTarget "ViperTwitterClient" */ = {
			isa = XCConfigurationList;
			buildConfigurations = (
				54884CAB1FF6C657007DBA43 /* Debug */,
				54884CAC1FF6C657007DBA43 /* Release */,
			);
			defaultConfigurationIsVisible = 0;
			defaultConfigurationName = Release;
		};
		54884CAD1FF6C657007DBA43 /* Build configuration list for PBXNativeTarget "ViperTwitterClientUITests" */ = {
			isa = XCConfigurationList;
			buildConfigurations = (
				54884CAE1FF6C657007DBA43 /* Debug */,
				54884CAF1FF6C657007DBA43 /* Release */,
			);
			defaultConfigurationIsVisible = 0;
			defaultConfigurationName = Release;
		};
/* End XCConfigurationList section */
	};
	rootObject = 54884C851FF6C657007DBA43 /* Project object */;
}
